// !$*UTF8*$!
{
	archiveVersion = 1;
	classes = {
	};
	objectVersion = 46;
	objects = {
/* Begin PBXBuildFile section */
		010037E942A44D1CA0807E65 /* LaunchScreen.storyboard in Resources */ = {isa = PBXBuildFile; fileRef = C9025031A91142D18A534D93 /* LaunchScreen.storyboard */; };
		05E470646EE042BCBC1D583A /* banana@2x.png in Resources */ = {isa = PBXBuildFile; fileRef = 5CF2E4D13A7D4FC9833E0AC7 /* banana@2x.png */; };
		07B9F03C6EB942B8A418328E /* nonselected.png in Resources */ = {isa = PBXBuildFile; fileRef = D2EBA8D7B97643E4B0FB4663 /* nonselected.png */; };
		08E77461D70F4BBAA4C2095F /* banana.png in Resources */ = {isa = PBXBuildFile; fileRef = 14591B7B03F64299AF8B2E06 /* banana.png */; };
		0CE1F24DDFBE4A0DBE03292C /* TSLocationManager.framework in Frameworks */ = {isa = PBXBuildFile; fileRef = 4C147C0CEB4549BC86C74B94 /* TSLocationManager.framework */; };
		0D92358F902C4E34B23902BE /* icon-60@2x.png in Resources */ = {isa = PBXBuildFile; fileRef = 9AECE51C8C8848AFB58BBAAF /* icon-60@2x.png */; };
		0F00184EF02A4C21BC8651A8 /* recent@3x.png in Resources */ = {isa = PBXBuildFile; fileRef = 779A5BE9B5424AEEB924F7E2 /* recent@3x.png */; };
		11C4B2B2B24949A98F610040 /* iTunesArtwork@2x.png in Resources */ = {isa = PBXBuildFile; fileRef = 0BEC510C74924342823CE5A5 /* iTunesArtwork@2x.png */; };
		12F1A73B59FB432EBF5FEC25 /* Icon-Small-50@2x.png in Resources */ = {isa = PBXBuildFile; fileRef = 52C5B570A0BA45A391CD838C /* Icon-Small-50@2x.png */; };
		14E0EC4D6F0C4D43870B5A42 /* unchecked_white@3x.png in Resources */ = {isa = PBXBuildFile; fileRef = 6E5449E631C14A1A92AC564E /* unchecked_white@3x.png */; };
		22B7F8725232406BB2FC8ED0 /* checked.png in Resources */ = {isa = PBXBuildFile; fileRef = A7A7F1E329C44AE5941A8719 /* checked.png */; };
		24A3F8612DE04E32B0AB3111 /* logo_login@2x.png in Resources */ = {isa = PBXBuildFile; fileRef = A7FDAC6B3147469681B59FEB /* logo_login@2x.png */; };
		25B0BA76507B4DF981792CC1 /* Icon-Small@3x.png in Resources */ = {isa = PBXBuildFile; fileRef = 4E6AF1D7B04F47CFB850B0B8 /* Icon-Small@3x.png */; };
		2DD64A8ABA5742D79BAD3A5F /* add@2x.png in Resources */ = {isa = PBXBuildFile; fileRef = A5AA70CD27F248BCAEDE780A /* add@2x.png */; };
		36A521D1D3E047349574802F /* checked@3x.png in Resources */ = {isa = PBXBuildFile; fileRef = 7A86EE8CA2BD4C75B3C5C896 /* checked@3x.png */; };
		381F6E3536B44CFCB5BB2515 /* icon-76.png in Resources */ = {isa = PBXBuildFile; fileRef = AA13607849794C3BB449F8A6 /* icon-76.png */; };
		3AAADED9398A486090FD412A /* nonselected@2x.png in Resources */ = {isa = PBXBuildFile; fileRef = FF3C2D22F8024383AB6433F8 /* nonselected@2x.png */; };
		4B2624B2B45442DBA8158E67 /* GoogleService-Info.plist in Resources */ = {isa = PBXBuildFile; fileRef = 4848F1D78CA34E15BD531F2F /* GoogleService-Info.plist */; };
		4C804091F3D146C88EBA4FB7 /* unchecked_white.png in Resources */ = {isa = PBXBuildFile; fileRef = 91E2677A11D14309A005D753 /* unchecked_white.png */; };
		4CE20BBD8F9342FBB532B11C /* unchecked_white@2x.png in Resources */ = {isa = PBXBuildFile; fileRef = C5723C1BE0904E51A5ADCD90 /* unchecked_white@2x.png */; };
		4DCE44103B4F49CF8481ED7A /* Icon-Small@2x.png in Resources */ = {isa = PBXBuildFile; fileRef = 4DEEA7CB67B940C486C315DC /* Icon-Small@2x.png */; };
		4EA4C6D2B4E34803A1D135AB /* bg_login.jpg in Resources */ = {isa = PBXBuildFile; fileRef = E220C550119B4DB284B3094F /* bg_login.jpg */; };
		5303B2190447A1CACBEEEFCB /* Pods_autolock.framework in Frameworks */ = {isa = PBXBuildFile; fileRef = 70FFB1560CFBB08B9CC3CB18 /* Pods_autolock.framework */; };
		620EBD44274848049BF404E5 /* apple.png in Resources */ = {isa = PBXBuildFile; fileRef = 5CA1FED2F3C24CD48F668465 /* apple.png */; };
		650E16EE96EA458D82EE20AF /* icon.png in Resources */ = {isa = PBXBuildFile; fileRef = 6C6E9817D7F14119BEA8F444 /* icon.png */; };
		6D551BB4E7CC4463AE183D0D /* apple@2x.png in Resources */ = {isa = PBXBuildFile; fileRef = 965F91A98D1248E0B2F7F8F2 /* apple@2x.png */; };
		71663FE18A9E45BF91667CD2 /* Icon-Small-40.png in Resources */ = {isa = PBXBuildFile; fileRef = DC9E86356F4C456C8277F922 /* Icon-Small-40.png */; };
		7299C996B58F4FCC943CDB70 /* logo_signup.png in Resources */ = {isa = PBXBuildFile; fileRef = 9B55520169E746E7992CC597 /* logo_signup.png */; };
		72FD9CA0E6DB46D482C40285 /* menu@2x.png in Resources */ = {isa = PBXBuildFile; fileRef = 7F84587E09824037A0F6620C /* menu@2x.png */; };
		774277A8F5DA4878A52E4172 /* unchecked@2x.png in Resources */ = {isa = PBXBuildFile; fileRef = FEA5E1A1A3234C75B281906B /* unchecked@2x.png */; };
		78DBD2E3314649C09274E025 /* logo_signup@2x.png in Resources */ = {isa = PBXBuildFile; fileRef = 813CA21DB7A146BAB7F7BD4F /* logo_signup@2x.png */; };
		7A53BDC9490A4E5E95CFAA11 /* bg_inner@3x.jpg in Resources */ = {isa = PBXBuildFile; fileRef = DA44418BD38A4A43BA0C83E3 /* bg_inner@3x.jpg */; };
		7D49A71A940241C3B3C5435C /* checked_white@3x.png in Resources */ = {isa = PBXBuildFile; fileRef = FABE89CAE71D421BB02E8481 /* checked_white@3x.png */; };
		7E852E76B4BE42EEB400E034 /* TNSWidgets.framework in Frameworks */ = {isa = PBXBuildFile; fileRef = 39DFD272560442F2BA905482 /* TNSWidgets.framework */; };
		7FBB3AA09F644D979FCAF03B /* Icon-Small.png in Resources */ = {isa = PBXBuildFile; fileRef = 4DEED6165E9E4150BD8FFA71 /* Icon-Small.png */; };
		800D13122A6D44949A110B0F /* pear@3x.png in Resources */ = {isa = PBXBuildFile; fileRef = EEC0EE329B674B79AD093010 /* pear@3x.png */; };
		8228A5D6726F4C97A5B94861 /* recent.png in Resources */ = {isa = PBXBuildFile; fileRef = 3182B7C11476401398BB27C6 /* recent.png */; };
		82DF878943494E3ABBD6C848 /* bg_inner@2x.jpg in Resources */ = {isa = PBXBuildFile; fileRef = 95CECB7670064AE59AFB8ACB /* bg_inner@2x.jpg */; };
		858B842D18CA22B800AB12DE /* InfoPlist.strings in Resources */ = {isa = PBXBuildFile; fileRef = 858B833A18CA111C00AB12DE /* InfoPlist.strings */; };
		88C7F1571DB34E1E912A92B8 /* icon-72.png in Resources */ = {isa = PBXBuildFile; fileRef = CA4253F1214C48BBBDD50974 /* icon-72.png */; };
		8E94725287054B359FA49E77 /* menu@3x.png in Resources */ = {isa = PBXBuildFile; fileRef = 142826A2CBD344779DD41DD1 /* menu@3x.png */; };
		8ED972EF75894B8A86ABD44B /* delete.png in Resources */ = {isa = PBXBuildFile; fileRef = DCD8055C4EA7491AAEA1ACAD /* delete.png */; };
		945D218311C64E839AE8FEA4 /* menu.png in Resources */ = {isa = PBXBuildFile; fileRef = 3B80C2DCEA23431799EA0C12 /* menu.png */; };
		968ABBD2204E4888AD3280A1 /* checked_white@2x.png in Resources */ = {isa = PBXBuildFile; fileRef = 95C6F87A08344176A9F43987 /* checked_white@2x.png */; };
		99343F2CDCA74B60AD4EA352 /* pear.png in Resources */ = {isa = PBXBuildFile; fileRef = E38442662AD14DC4A690C3FF /* pear.png */; };
		9B186873778B48AF89740A5A /* icon@2x.png in Resources */ = {isa = PBXBuildFile; fileRef = B0919F7AC71942C683DA8234 /* icon@2x.png */; };
		A014211DC3364E11BA476D6B /* build.xcconfig in Resources */ = {isa = PBXBuildFile; fileRef = 5228FFF5B7884FE7AA6A1D8F /* build.xcconfig */; };
		A31A870C42A644ABB4B890E9 /* nonselected@3x.png in Resources */ = {isa = PBXBuildFile; fileRef = 8784CCF617664CB1B01118A5 /* nonselected@3x.png */; };
		A52DD5D7DA3749D69166BEC6 /* delete@2x.png in Resources */ = {isa = PBXBuildFile; fileRef = 2DA59BFE2FFB440FA543A72F /* delete@2x.png */; };
		A58B08ED7A6D42C9A19AC2FA /* icon-60.png in Resources */ = {isa = PBXBuildFile; fileRef = C304346ADB874B88AF658A79 /* icon-60.png */; };
		A9F37878E80F47B38DB13E8C /* logo_login@3x.png in Resources */ = {isa = PBXBuildFile; fileRef = CC0DCF4F836A416CA050F448 /* logo_login@3x.png */; };
		AA7306217BC6436799838418 /* banana@3x.png in Resources */ = {isa = PBXBuildFile; fileRef = 04BC00F3607F4CD080F6C84B /* banana@3x.png */; };
		AAB03BD57CF346FE919E5820 /* recent@2x.png in Resources */ = {isa = PBXBuildFile; fileRef = B1E2D485FCCF4D0F90C35AC1 /* recent@2x.png */; };
		ADED901597B94669ABF01E03 /* Assets.xcassets in Resources */ = {isa = PBXBuildFile; fileRef = 6C8F56AE08074539A908A442 /* Assets.xcassets */; };
		B404761D61CD4977B8FD5309 /* add.png in Resources */ = {isa = PBXBuildFile; fileRef = 8D02CD45E5C140F48A5B39A6 /* add.png */; };
		BA5E99F54CE54D119C08FFED /* checked_white.png in Resources */ = {isa = PBXBuildFile; fileRef = C97F64C66A9D4B01A576B20B /* checked_white.png */; };
		BB1DEAFECC2444E082D16671 /* logo_login.png in Resources */ = {isa = PBXBuildFile; fileRef = 3DE7C294857E48F7A33A805E /* logo_login.png */; };
		BB3E2725F94F4936901B60BA /* bg_login@3x.jpg in Resources */ = {isa = PBXBuildFile; fileRef = 0A17E589D32B40B5AB55155D /* bg_login@3x.jpg */; };
		BE5A0EDB89D4482A9D24ADD1 /* bg_login@2x.jpg in Resources */ = {isa = PBXBuildFile; fileRef = 77721ED1E1E74826A47354A9 /* bg_login@2x.jpg */; };
		BF7743E94FAF47589E3B4BE8 /* unchecked.png in Resources */ = {isa = PBXBuildFile; fileRef = C6873608B9E34213B382C814 /* unchecked.png */; };
		C0FBA542105D416C9F4AE59E /* selected@3x.png in Resources */ = {isa = PBXBuildFile; fileRef = 51DBB37ABA304EB19FCFACC8 /* selected@3x.png */; };
		C1BF6BAD5DC546128C305FD9 /* apple@3x.png in Resources */ = {isa = PBXBuildFile; fileRef = A80642DA14124CBEAEDB771E /* apple@3x.png */; };
		C6E3FD1EA4EB47E8A4C813D1 /* Icon-Small-40@2x.png in Resources */ = {isa = PBXBuildFile; fileRef = 51C00D5A2449470AA272B5B6 /* Icon-Small-40@2x.png */; };
		C6E4C0FC377444DEB990B3C5 /* add@3x.png in Resources */ = {isa = PBXBuildFile; fileRef = 291049B8E50F4F20ACD40B9B /* add@3x.png */; };
		C7371F53B958403BBF0F807E /* icon-76@2x.png in Resources */ = {isa = PBXBuildFile; fileRef = 30D9733C55FE48E9BE967824 /* icon-76@2x.png */; };
		C98DFCEB1AFC4BAF967DB92B /* pear@2x.png in Resources */ = {isa = PBXBuildFile; fileRef = E896B4F0539B4925A0C13356 /* pear@2x.png */; };
		CC343ECD63394DB7AC3620E3 /* TSBackgroundFetch.framework in Frameworks */ = {isa = PBXBuildFile; fileRef = B8B1685B05E0483BA9459D8E /* TSBackgroundFetch.framework */; };
		CCB34562B6C3403FAE7BEA10 /* bg_inner.jpg in Resources */ = {isa = PBXBuildFile; fileRef = 2BE4665AB12B4F78AC1591AD /* bg_inner.jpg */; };
		CCE66DFC118643AD867DD68E /* TNSWidgets.framework in Embed Frameworks */ = {isa = PBXBuildFile; fileRef = 39DFD272560442F2BA905482 /* TNSWidgets.framework */; settings = {ATTRIBUTES = (CodeSignOnCopy, RemoveHeadersOnCopy, ); }; };
		CD45EE7C18DC2D5800FB50C0 /* app in Resources */ = {isa = PBXBuildFile; fileRef = CD45EE7A18DC2D5800FB50C0 /* app */; };
		CD62955D1BB2678900AE3A93 /* main.m in Sources */ = {isa = PBXBuildFile; fileRef = CD62955C1BB2678900AE3A93 /* main.m */; };
		CF16033B03B74EF6BC75CEE6 /* Icon-Small-40@3x.png in Resources */ = {isa = PBXBuildFile; fileRef = 088DC501CF20408D9116481A /* Icon-Small-40@3x.png */; };
		D3EDB09A0F8643CFB13F1BB7 /* logo_signup@3x.png in Resources */ = {isa = PBXBuildFile; fileRef = 84A9744AC16A4DD8AC545676 /* logo_signup@3x.png */; };
		DB8C4B1D137F42CF8DA78BA5 /* icon-72@2x.png in Resources */ = {isa = PBXBuildFile; fileRef = DBD010651C30424FB12F2D3B /* icon-72@2x.png */; };
		F0DB1E92E7A9436B9D2AB0C3 /* checked@2x.png in Resources */ = {isa = PBXBuildFile; fileRef = 247BA2E52BD742FDA7495D05 /* checked@2x.png */; };
		F186664C23A0413FA778AC85 /* selected.png in Resources */ = {isa = PBXBuildFile; fileRef = 5E8803F8C1E84A70B60F88AB /* selected.png */; };
		F28E0DD8690E46E68D5E9626 /* delete@3x.png in Resources */ = {isa = PBXBuildFile; fileRef = 4054B26C5ED34729B558D6CA /* delete@3x.png */; };
		F68266A461224718B3A2F740 /* unchecked@3x.png in Resources */ = {isa = PBXBuildFile; fileRef = 832F01D2145B457CB3B71B30 /* unchecked@3x.png */; };
		FAF9368DEB1E4E77A2B9A2E9 /* selected@2x.png in Resources */ = {isa = PBXBuildFile; fileRef = B6F9464DE3EB4254846F7A81 /* selected@2x.png */; };
		FD0DE0C693444064A24FE743 /* Icon-60@3x.png in Resources */ = {isa = PBXBuildFile; fileRef = 9F75B521D0154488937B1167 /* Icon-60@3x.png */; };
		FF50308E75D343229E746AFB /* Icon-Small-50.png in Resources */ = {isa = PBXBuildFile; fileRef = 6385465E6827430B88C7E7A8 /* Icon-Small-50.png */; };
/* End PBXBuildFile section */

/* Begin PBXCopyFilesBuildPhase section */
		85F5BDFC1A9363BE006B9701 /* Embed Frameworks */ = {
			isa = PBXCopyFilesBuildPhase;
			buildActionMask = 2147483647;
			dstPath = "";
			dstSubfolderSpec = 10;
			files = (
				CCE66DFC118643AD867DD68E /* TNSWidgets.framework in Embed Frameworks */,
			);
			name = "Embed Frameworks";
			runOnlyForDeploymentPostprocessing = 0;
		};
/* End PBXCopyFilesBuildPhase section */

/* Begin PBXFileReference section */
		04BC00F3607F4CD080F6C84B /* banana@3x.png */ = {isa = PBXFileReference; lastKnownFileType = image.png; name = "banana@3x.png"; path = "autolock/Resources/banana@3x.png"; sourceTree = "<group>"; };
		088DC501CF20408D9116481A /* Icon-Small-40@3x.png */ = {isa = PBXFileReference; lastKnownFileType = image.png; name = "Icon-Small-40@3x.png"; path = "autolock/Resources/Icon-Small-40@3x.png"; sourceTree = "<group>"; };
		0A17E589D32B40B5AB55155D /* bg_login@3x.jpg */ = {isa = PBXFileReference; fileEncoding = 4; lastKnownFileType = unknown; name = "bg_login@3x.jpg"; path = "autolock/Resources/bg_login@3x.jpg"; sourceTree = "<group>"; };
		0BEC510C74924342823CE5A5 /* iTunesArtwork@2x.png */ = {isa = PBXFileReference; lastKnownFileType = image.png; name = "iTunesArtwork@2x.png"; path = "autolock/Resources/iTunesArtwork@2x.png"; sourceTree = "<group>"; };
		142826A2CBD344779DD41DD1 /* menu@3x.png */ = {isa = PBXFileReference; lastKnownFileType = image.png; name = "menu@3x.png"; path = "autolock/Resources/menu@3x.png"; sourceTree = "<group>"; };
		14591B7B03F64299AF8B2E06 /* banana.png */ = {isa = PBXFileReference; lastKnownFileType = image.png; name = banana.png; path = autolock/Resources/banana.png; sourceTree = "<group>"; };
		247BA2E52BD742FDA7495D05 /* checked@2x.png */ = {isa = PBXFileReference; lastKnownFileType = image.png; name = "checked@2x.png"; path = "autolock/Resources/checked@2x.png"; sourceTree = "<group>"; };
		291049B8E50F4F20ACD40B9B /* add@3x.png */ = {isa = PBXFileReference; lastKnownFileType = image.png; name = "add@3x.png"; path = "autolock/Resources/add@3x.png"; sourceTree = "<group>"; };
		2BE4665AB12B4F78AC1591AD /* bg_inner.jpg */ = {isa = PBXFileReference; fileEncoding = 4; lastKnownFileType = unknown; name = bg_inner.jpg; path = autolock/Resources/bg_inner.jpg; sourceTree = "<group>"; };
		2DA59BFE2FFB440FA543A72F /* delete@2x.png */ = {isa = PBXFileReference; lastKnownFileType = image.png; name = "delete@2x.png"; path = "autolock/Resources/delete@2x.png"; sourceTree = "<group>"; };
		30D9733C55FE48E9BE967824 /* icon-76@2x.png */ = {isa = PBXFileReference; lastKnownFileType = image.png; name = "icon-76@2x.png"; path = "autolock/Resources/icon-76@2x.png"; sourceTree = "<group>"; };
		3182B7C11476401398BB27C6 /* recent.png */ = {isa = PBXFileReference; lastKnownFileType = image.png; name = recent.png; path = autolock/Resources/recent.png; sourceTree = "<group>"; };
		39DFD272560442F2BA905482 /* TNSWidgets.framework */ = {isa = PBXFileReference; lastKnownFileType = wrapper.framework; name = TNSWidgets.framework; path = "$(SRCROOT)/../../node_modules/tns-core-modules-widgets/platforms/ios/TNSWidgets.framework"; sourceTree = "<group>"; };
		3B80C2DCEA23431799EA0C12 /* menu.png */ = {isa = PBXFileReference; lastKnownFileType = image.png; name = menu.png; path = autolock/Resources/menu.png; sourceTree = "<group>"; };
		3DE7C294857E48F7A33A805E /* logo_login.png */ = {isa = PBXFileReference; lastKnownFileType = image.png; name = logo_login.png; path = autolock/Resources/logo_login.png; sourceTree = "<group>"; };
		4054B26C5ED34729B558D6CA /* delete@3x.png */ = {isa = PBXFileReference; lastKnownFileType = image.png; name = "delete@3x.png"; path = "autolock/Resources/delete@3x.png"; sourceTree = "<group>"; };
		4848F1D78CA34E15BD531F2F /* GoogleService-Info.plist */ = {isa = PBXFileReference; fileEncoding = 4; lastKnownFileType = unknown; name = "GoogleService-Info.plist"; path = "autolock/Resources/GoogleService-Info.plist"; sourceTree = "<group>"; };
		4C147C0CEB4549BC86C74B94 /* TSLocationManager.framework */ = {isa = PBXFileReference; lastKnownFileType = wrapper.framework; name = TSLocationManager.framework; path = "$(SRCROOT)/../../node_modules/nativescript-background-geolocation-lt/platforms/ios/TSLocationManager.framework"; sourceTree = "<group>"; };
		4DEEA7CB67B940C486C315DC /* Icon-Small@2x.png */ = {isa = PBXFileReference; lastKnownFileType = image.png; name = "Icon-Small@2x.png"; path = "autolock/Resources/Icon-Small@2x.png"; sourceTree = "<group>"; };
		4DEED6165E9E4150BD8FFA71 /* Icon-Small.png */ = {isa = PBXFileReference; lastKnownFileType = image.png; name = "Icon-Small.png"; path = "autolock/Resources/Icon-Small.png"; sourceTree = "<group>"; };
		4E6AF1D7B04F47CFB850B0B8 /* Icon-Small@3x.png */ = {isa = PBXFileReference; lastKnownFileType = image.png; name = "Icon-Small@3x.png"; path = "autolock/Resources/Icon-Small@3x.png"; sourceTree = "<group>"; };
		51C00D5A2449470AA272B5B6 /* Icon-Small-40@2x.png */ = {isa = PBXFileReference; lastKnownFileType = image.png; name = "Icon-Small-40@2x.png"; path = "autolock/Resources/Icon-Small-40@2x.png"; sourceTree = "<group>"; };
		51DBB37ABA304EB19FCFACC8 /* selected@3x.png */ = {isa = PBXFileReference; lastKnownFileType = image.png; name = "selected@3x.png"; path = "autolock/Resources/selected@3x.png"; sourceTree = "<group>"; };
		5228FFF5B7884FE7AA6A1D8F /* build.xcconfig */ = {isa = PBXFileReference; fileEncoding = 4; lastKnownFileType = unknown; name = build.xcconfig; path = autolock/Resources/build.xcconfig; sourceTree = "<group>"; };
		52C5B570A0BA45A391CD838C /* Icon-Small-50@2x.png */ = {isa = PBXFileReference; lastKnownFileType = image.png; name = "Icon-Small-50@2x.png"; path = "autolock/Resources/Icon-Small-50@2x.png"; sourceTree = "<group>"; };
		5CA1FED2F3C24CD48F668465 /* apple.png */ = {isa = PBXFileReference; lastKnownFileType = image.png; name = apple.png; path = autolock/Resources/apple.png; sourceTree = "<group>"; };
		5CF2E4D13A7D4FC9833E0AC7 /* banana@2x.png */ = {isa = PBXFileReference; lastKnownFileType = image.png; name = "banana@2x.png"; path = "autolock/Resources/banana@2x.png"; sourceTree = "<group>"; };
		5E8803F8C1E84A70B60F88AB /* selected.png */ = {isa = PBXFileReference; lastKnownFileType = image.png; name = selected.png; path = autolock/Resources/selected.png; sourceTree = "<group>"; };
		6385465E6827430B88C7E7A8 /* Icon-Small-50.png */ = {isa = PBXFileReference; lastKnownFileType = image.png; name = "Icon-Small-50.png"; path = "autolock/Resources/Icon-Small-50.png"; sourceTree = "<group>"; };
		6C6E9817D7F14119BEA8F444 /* icon.png */ = {isa = PBXFileReference; lastKnownFileType = image.png; name = icon.png; path = autolock/Resources/icon.png; sourceTree = "<group>"; };
		6C8F56AE08074539A908A442 /* Assets.xcassets */ = {isa = PBXFileReference; fileEncoding = 4; lastKnownFileType = unknown; name = Assets.xcassets; path = autolock/Resources/Assets.xcassets; sourceTree = "<group>"; };
		6E5449E631C14A1A92AC564E /* unchecked_white@3x.png */ = {isa = PBXFileReference; lastKnownFileType = image.png; name = "unchecked_white@3x.png"; path = "autolock/Resources/unchecked_white@3x.png"; sourceTree = "<group>"; };
		70FFB1560CFBB08B9CC3CB18 /* Pods_autolock.framework */ = {isa = PBXFileReference; explicitFileType = wrapper.framework; includeInIndex = 0; path = Pods_autolock.framework; sourceTree = BUILT_PRODUCTS_DIR; };
		77721ED1E1E74826A47354A9 /* bg_login@2x.jpg */ = {isa = PBXFileReference; fileEncoding = 4; lastKnownFileType = unknown; name = "bg_login@2x.jpg"; path = "autolock/Resources/bg_login@2x.jpg"; sourceTree = "<group>"; };
		779A5BE9B5424AEEB924F7E2 /* recent@3x.png */ = {isa = PBXFileReference; lastKnownFileType = image.png; name = "recent@3x.png"; path = "autolock/Resources/recent@3x.png"; sourceTree = "<group>"; };
		7A86EE8CA2BD4C75B3C5C896 /* checked@3x.png */ = {isa = PBXFileReference; lastKnownFileType = image.png; name = "checked@3x.png"; path = "autolock/Resources/checked@3x.png"; sourceTree = "<group>"; };
		7F84587E09824037A0F6620C /* menu@2x.png */ = {isa = PBXFileReference; lastKnownFileType = image.png; name = "menu@2x.png"; path = "autolock/Resources/menu@2x.png"; sourceTree = "<group>"; };
		813CA21DB7A146BAB7F7BD4F /* logo_signup@2x.png */ = {isa = PBXFileReference; lastKnownFileType = image.png; name = "logo_signup@2x.png"; path = "autolock/Resources/logo_signup@2x.png"; sourceTree = "<group>"; };
		832F01D2145B457CB3B71B30 /* unchecked@3x.png */ = {isa = PBXFileReference; lastKnownFileType = image.png; name = "unchecked@3x.png"; path = "autolock/Resources/unchecked@3x.png"; sourceTree = "<group>"; };
		84A9744AC16A4DD8AC545676 /* logo_signup@3x.png */ = {isa = PBXFileReference; lastKnownFileType = image.png; name = "logo_signup@3x.png"; path = "autolock/Resources/logo_signup@3x.png"; sourceTree = "<group>"; };
		858B832E18CA111C00AB12DE /* autolock.app */ = {isa = PBXFileReference; explicitFileType = wrapper.application; includeInIndex = 0; path = autolock.app; sourceTree = BUILT_PRODUCTS_DIR; };
		858B833918CA111C00AB12DE /* autolock-Info.plist */ = {isa = PBXFileReference; lastKnownFileType = text.plist.xml; path = "autolock-Info.plist"; sourceTree = "<group>"; };
		858B833B18CA111C00AB12DE /* en */ = {isa = PBXFileReference; lastKnownFileType = text.plist.strings; name = en; path = en.lproj/InfoPlist.strings; sourceTree = "<group>"; };
		858B833F18CA111C00AB12DE /* autolock-Prefix.pch */ = {isa = PBXFileReference; lastKnownFileType = sourcecode.c.h; path = "autolock-Prefix.pch"; sourceTree = "<group>"; };
		858B843318CA22B800AB12DE /* autolock.app */ = {isa = PBXFileReference; explicitFileType = wrapper.application; includeInIndex = 0; path = autolock.app; sourceTree = BUILT_PRODUCTS_DIR; };
		8784CCF617664CB1B01118A5 /* nonselected@3x.png */ = {isa = PBXFileReference; lastKnownFileType = image.png; name = "nonselected@3x.png"; path = "autolock/Resources/nonselected@3x.png"; sourceTree = "<group>"; };
		8D02CD45E5C140F48A5B39A6 /* add.png */ = {isa = PBXFileReference; lastKnownFileType = image.png; name = add.png; path = autolock/Resources/add.png; sourceTree = "<group>"; };
		91E2677A11D14309A005D753 /* unchecked_white.png */ = {isa = PBXFileReference; lastKnownFileType = image.png; name = unchecked_white.png; path = autolock/Resources/unchecked_white.png; sourceTree = "<group>"; };
		95C6F87A08344176A9F43987 /* checked_white@2x.png */ = {isa = PBXFileReference; lastKnownFileType = image.png; name = "checked_white@2x.png"; path = "autolock/Resources/checked_white@2x.png"; sourceTree = "<group>"; };
		95CECB7670064AE59AFB8ACB /* bg_inner@2x.jpg */ = {isa = PBXFileReference; fileEncoding = 4; lastKnownFileType = unknown; name = "bg_inner@2x.jpg"; path = "autolock/Resources/bg_inner@2x.jpg"; sourceTree = "<group>"; };
		965F91A98D1248E0B2F7F8F2 /* apple@2x.png */ = {isa = PBXFileReference; lastKnownFileType = image.png; name = "apple@2x.png"; path = "autolock/Resources/apple@2x.png"; sourceTree = "<group>"; };
		9AECE51C8C8848AFB58BBAAF /* icon-60@2x.png */ = {isa = PBXFileReference; lastKnownFileType = image.png; name = "icon-60@2x.png"; path = "autolock/Resources/icon-60@2x.png"; sourceTree = "<group>"; };
		9B55520169E746E7992CC597 /* logo_signup.png */ = {isa = PBXFileReference; lastKnownFileType = image.png; name = logo_signup.png; path = autolock/Resources/logo_signup.png; sourceTree = "<group>"; };
		9F75B521D0154488937B1167 /* Icon-60@3x.png */ = {isa = PBXFileReference; lastKnownFileType = image.png; name = "Icon-60@3x.png"; path = "autolock/Resources/Icon-60@3x.png"; sourceTree = "<group>"; };
		A5AA70CD27F248BCAEDE780A /* add@2x.png */ = {isa = PBXFileReference; lastKnownFileType = image.png; name = "add@2x.png"; path = "autolock/Resources/add@2x.png"; sourceTree = "<group>"; };
		A7A7F1E329C44AE5941A8719 /* checked.png */ = {isa = PBXFileReference; lastKnownFileType = image.png; name = checked.png; path = autolock/Resources/checked.png; sourceTree = "<group>"; };
		A7FDAC6B3147469681B59FEB /* logo_login@2x.png */ = {isa = PBXFileReference; lastKnownFileType = image.png; name = "logo_login@2x.png"; path = "autolock/Resources/logo_login@2x.png"; sourceTree = "<group>"; };
		A80642DA14124CBEAEDB771E /* apple@3x.png */ = {isa = PBXFileReference; lastKnownFileType = image.png; name = "apple@3x.png"; path = "autolock/Resources/apple@3x.png"; sourceTree = "<group>"; };
		AA13607849794C3BB449F8A6 /* icon-76.png */ = {isa = PBXFileReference; lastKnownFileType = image.png; name = "icon-76.png"; path = "autolock/Resources/icon-76.png"; sourceTree = "<group>"; };
		B0919F7AC71942C683DA8234 /* icon@2x.png */ = {isa = PBXFileReference; lastKnownFileType = image.png; name = "icon@2x.png"; path = "autolock/Resources/icon@2x.png"; sourceTree = "<group>"; };
		B1E2D485FCCF4D0F90C35AC1 /* recent@2x.png */ = {isa = PBXFileReference; lastKnownFileType = image.png; name = "recent@2x.png"; path = "autolock/Resources/recent@2x.png"; sourceTree = "<group>"; };
		B6F9464DE3EB4254846F7A81 /* selected@2x.png */ = {isa = PBXFileReference; lastKnownFileType = image.png; name = "selected@2x.png"; path = "autolock/Resources/selected@2x.png"; sourceTree = "<group>"; };
		B8B1685B05E0483BA9459D8E /* TSBackgroundFetch.framework */ = {isa = PBXFileReference; lastKnownFileType = wrapper.framework; name = TSBackgroundFetch.framework; path = "$(SRCROOT)/../../node_modules/nativescript-background-fetch/platforms/ios/TSBackgroundFetch.framework"; sourceTree = "<group>"; };
		C304346ADB874B88AF658A79 /* icon-60.png */ = {isa = PBXFileReference; lastKnownFileType = image.png; name = "icon-60.png"; path = "autolock/Resources/icon-60.png"; sourceTree = "<group>"; };
		C5723C1BE0904E51A5ADCD90 /* unchecked_white@2x.png */ = {isa = PBXFileReference; lastKnownFileType = image.png; name = "unchecked_white@2x.png"; path = "autolock/Resources/unchecked_white@2x.png"; sourceTree = "<group>"; };
		C6873608B9E34213B382C814 /* unchecked.png */ = {isa = PBXFileReference; lastKnownFileType = image.png; name = unchecked.png; path = autolock/Resources/unchecked.png; sourceTree = "<group>"; };
		C9025031A91142D18A534D93 /* LaunchScreen.storyboard */ = {isa = PBXFileReference; fileEncoding = 4; lastKnownFileType = unknown; name = LaunchScreen.storyboard; path = autolock/Resources/LaunchScreen.storyboard; sourceTree = "<group>"; };
		C97F64C66A9D4B01A576B20B /* checked_white.png */ = {isa = PBXFileReference; lastKnownFileType = image.png; name = checked_white.png; path = autolock/Resources/checked_white.png; sourceTree = "<group>"; };
		CA4253F1214C48BBBDD50974 /* icon-72.png */ = {isa = PBXFileReference; lastKnownFileType = image.png; name = "icon-72.png"; path = "autolock/Resources/icon-72.png"; sourceTree = "<group>"; };
		CC0DCF4F836A416CA050F448 /* logo_login@3x.png */ = {isa = PBXFileReference; lastKnownFileType = image.png; name = "logo_login@3x.png"; path = "autolock/Resources/logo_login@3x.png"; sourceTree = "<group>"; };
		CD45EE7A18DC2D5800FB50C0 /* app */ = {isa = PBXFileReference; lastKnownFileType = folder; path = app; sourceTree = "<group>"; };
		CD62955C1BB2678900AE3A93 /* main.m */ = {isa = PBXFileReference; fileEncoding = 4; lastKnownFileType = sourcecode.c.objc; name = main.m; path = internal/main.m; sourceTree = SOURCE_ROOT; };
		CDD59A261BB43B5D00EC2671 /* build-debug.xcconfig */ = {isa = PBXFileReference; fileEncoding = 4; lastKnownFileType = text.xcconfig; path = "build-debug.xcconfig"; sourceTree = "<group>"; };
		CDD59A271BB43B5D00EC2671 /* build-release.xcconfig */ = {isa = PBXFileReference; fileEncoding = 4; lastKnownFileType = text.xcconfig; path = "build-release.xcconfig"; sourceTree = "<group>"; };
		CDF4743E1BA4855C0087EA85 /* build.xcconfig */ = {isa = PBXFileReference; fileEncoding = 4; lastKnownFileType = text.xcconfig; path = build.xcconfig; sourceTree = "<group>"; };
		D2EBA8D7B97643E4B0FB4663 /* nonselected.png */ = {isa = PBXFileReference; lastKnownFileType = image.png; name = nonselected.png; path = autolock/Resources/nonselected.png; sourceTree = "<group>"; };
		DA44418BD38A4A43BA0C83E3 /* bg_inner@3x.jpg */ = {isa = PBXFileReference; fileEncoding = 4; lastKnownFileType = unknown; name = "bg_inner@3x.jpg"; path = "autolock/Resources/bg_inner@3x.jpg"; sourceTree = "<group>"; };
		DBD010651C30424FB12F2D3B /* icon-72@2x.png */ = {isa = PBXFileReference; lastKnownFileType = image.png; name = "icon-72@2x.png"; path = "autolock/Resources/icon-72@2x.png"; sourceTree = "<group>"; };
		DC9E86356F4C456C8277F922 /* Icon-Small-40.png */ = {isa = PBXFileReference; lastKnownFileType = image.png; name = "Icon-Small-40.png"; path = "autolock/Resources/Icon-Small-40.png"; sourceTree = "<group>"; };
		DCD8055C4EA7491AAEA1ACAD /* delete.png */ = {isa = PBXFileReference; lastKnownFileType = image.png; name = delete.png; path = autolock/Resources/delete.png; sourceTree = "<group>"; };
		E220C550119B4DB284B3094F /* bg_login.jpg */ = {isa = PBXFileReference; fileEncoding = 4; lastKnownFileType = unknown; name = bg_login.jpg; path = autolock/Resources/bg_login.jpg; sourceTree = "<group>"; };
		E38442662AD14DC4A690C3FF /* pear.png */ = {isa = PBXFileReference; lastKnownFileType = image.png; name = pear.png; path = autolock/Resources/pear.png; sourceTree = "<group>"; };
		E896B4F0539B4925A0C13356 /* pear@2x.png */ = {isa = PBXFileReference; lastKnownFileType = image.png; name = "pear@2x.png"; path = "autolock/Resources/pear@2x.png"; sourceTree = "<group>"; };
		EEC0EE329B674B79AD093010 /* pear@3x.png */ = {isa = PBXFileReference; lastKnownFileType = image.png; name = "pear@3x.png"; path = "autolock/Resources/pear@3x.png"; sourceTree = "<group>"; };
		FABE89CAE71D421BB02E8481 /* checked_white@3x.png */ = {isa = PBXFileReference; lastKnownFileType = image.png; name = "checked_white@3x.png"; path = "autolock/Resources/checked_white@3x.png"; sourceTree = "<group>"; };
		FEA5E1A1A3234C75B281906B /* unchecked@2x.png */ = {isa = PBXFileReference; lastKnownFileType = image.png; name = "unchecked@2x.png"; path = "autolock/Resources/unchecked@2x.png"; sourceTree = "<group>"; };
		FF3C2D22F8024383AB6433F8 /* nonselected@2x.png */ = {isa = PBXFileReference; lastKnownFileType = image.png; name = "nonselected@2x.png"; path = "autolock/Resources/nonselected@2x.png"; sourceTree = "<group>"; };
/* End PBXFileReference section */

/* Begin PBXFrameworksBuildPhase section */
		858B83F418CA22B800AB12DE /* Frameworks */ = {
			isa = PBXFrameworksBuildPhase;
			buildActionMask = 2147483647;
			files = (
				0CE1F24DDFBE4A0DBE03292C /* TSLocationManager.framework in Frameworks */,
				CC343ECD63394DB7AC3620E3 /* TSBackgroundFetch.framework in Frameworks */,
				7E852E76B4BE42EEB400E034 /* TNSWidgets.framework in Frameworks */,
				5303B2190447A1CACBEEEFCB /* Pods_autolock.framework in Frameworks */,
			);
			runOnlyForDeploymentPostprocessing = 0;
		};
/* End PBXFrameworksBuildPhase section */

/* Begin PBXGroup section */
		41C7A707A0A3C4E7D33AD7D6 /* Pods */ = {
			isa = PBXGroup;
			children = (
			);
			name = Pods;
			sourceTree = "<group>";
		};
		858B832518CA111C00AB12DE = {
			isa = PBXGroup;
			children = (
				E070579D1B39A9D000214BF1 /* Resources */,
				858B833718CA111C00AB12DE /* autolock */,
				858B833018CA111C00AB12DE /* Frameworks */,
				858B832F18CA111C00AB12DE /* Products */,
				41C7A707A0A3C4E7D33AD7D6 /* Pods */,
			);
			sourceTree = "<group>";
		};
		858B832F18CA111C00AB12DE /* Products */ = {
			isa = PBXGroup;
			children = (
				858B832E18CA111C00AB12DE /* autolock.app */,
				858B843318CA22B800AB12DE /* autolock.app */,
			);
			name = Products;
			sourceTree = "<group>";
		};
		858B833018CA111C00AB12DE /* Frameworks */ = {
			isa = PBXGroup;
			children = (
				4C147C0CEB4549BC86C74B94 /* TSLocationManager.framework */,
				B8B1685B05E0483BA9459D8E /* TSBackgroundFetch.framework */,
				39DFD272560442F2BA905482 /* TNSWidgets.framework */,
				70FFB1560CFBB08B9CC3CB18 /* Pods_autolock.framework */,
			);
			name = Frameworks;
			sourceTree = "<group>";
		};
		858B833718CA111C00AB12DE /* autolock */ = {
			isa = PBXGroup;
			children = (
				CD45EE7A18DC2D5800FB50C0 /* app */,
				858B833818CA111C00AB12DE /* Supporting Files */,
			);
			path = autolock;
			sourceTree = "<group>";
		};
		858B833818CA111C00AB12DE /* Supporting Files */ = {
			isa = PBXGroup;
			children = (
				CDF4743E1BA4855C0087EA85 /* build.xcconfig */,
				CDD59A261BB43B5D00EC2671 /* build-debug.xcconfig */,
				CDD59A271BB43B5D00EC2671 /* build-release.xcconfig */,
				858B833918CA111C00AB12DE /* autolock-Info.plist */,
				858B833A18CA111C00AB12DE /* InfoPlist.strings */,
				CD62955C1BB2678900AE3A93 /* main.m */,
				858B833F18CA111C00AB12DE /* autolock-Prefix.pch */,
			);
			name = "Supporting Files";
			sourceTree = "<group>";
		};
		E070579D1B39A9D000214BF1 /* Resources */ = {
			isa = PBXGroup;
			children = (
				6C8F56AE08074539A908A442 /* Assets.xcassets */,
				4848F1D78CA34E15BD531F2F /* GoogleService-Info.plist */,
				9F75B521D0154488937B1167 /* Icon-60@3x.png */,
				DC9E86356F4C456C8277F922 /* Icon-Small-40.png */,
				51C00D5A2449470AA272B5B6 /* Icon-Small-40@2x.png */,
				088DC501CF20408D9116481A /* Icon-Small-40@3x.png */,
				6385465E6827430B88C7E7A8 /* Icon-Small-50.png */,
				52C5B570A0BA45A391CD838C /* Icon-Small-50@2x.png */,
				4DEED6165E9E4150BD8FFA71 /* Icon-Small.png */,
				4DEEA7CB67B940C486C315DC /* Icon-Small@2x.png */,
				4E6AF1D7B04F47CFB850B0B8 /* Icon-Small@3x.png */,
				C9025031A91142D18A534D93 /* LaunchScreen.storyboard */,
				8D02CD45E5C140F48A5B39A6 /* add.png */,
				A5AA70CD27F248BCAEDE780A /* add@2x.png */,
				291049B8E50F4F20ACD40B9B /* add@3x.png */,
				5CA1FED2F3C24CD48F668465 /* apple.png */,
				965F91A98D1248E0B2F7F8F2 /* apple@2x.png */,
				A80642DA14124CBEAEDB771E /* apple@3x.png */,
				14591B7B03F64299AF8B2E06 /* banana.png */,
				5CF2E4D13A7D4FC9833E0AC7 /* banana@2x.png */,
				04BC00F3607F4CD080F6C84B /* banana@3x.png */,
				2BE4665AB12B4F78AC1591AD /* bg_inner.jpg */,
				95CECB7670064AE59AFB8ACB /* bg_inner@2x.jpg */,
				DA44418BD38A4A43BA0C83E3 /* bg_inner@3x.jpg */,
				E220C550119B4DB284B3094F /* bg_login.jpg */,
				77721ED1E1E74826A47354A9 /* bg_login@2x.jpg */,
				0A17E589D32B40B5AB55155D /* bg_login@3x.jpg */,
				5228FFF5B7884FE7AA6A1D8F /* build.xcconfig */,
				A7A7F1E329C44AE5941A8719 /* checked.png */,
				247BA2E52BD742FDA7495D05 /* checked@2x.png */,
				7A86EE8CA2BD4C75B3C5C896 /* checked@3x.png */,
				C97F64C66A9D4B01A576B20B /* checked_white.png */,
				95C6F87A08344176A9F43987 /* checked_white@2x.png */,
				FABE89CAE71D421BB02E8481 /* checked_white@3x.png */,
				DCD8055C4EA7491AAEA1ACAD /* delete.png */,
				2DA59BFE2FFB440FA543A72F /* delete@2x.png */,
				4054B26C5ED34729B558D6CA /* delete@3x.png */,
				0BEC510C74924342823CE5A5 /* iTunesArtwork@2x.png */,
				C304346ADB874B88AF658A79 /* icon-60.png */,
				9AECE51C8C8848AFB58BBAAF /* icon-60@2x.png */,
				CA4253F1214C48BBBDD50974 /* icon-72.png */,
				DBD010651C30424FB12F2D3B /* icon-72@2x.png */,
				AA13607849794C3BB449F8A6 /* icon-76.png */,
				30D9733C55FE48E9BE967824 /* icon-76@2x.png */,
				6C6E9817D7F14119BEA8F444 /* icon.png */,
				B0919F7AC71942C683DA8234 /* icon@2x.png */,
				3DE7C294857E48F7A33A805E /* logo_login.png */,
				A7FDAC6B3147469681B59FEB /* logo_login@2x.png */,
				CC0DCF4F836A416CA050F448 /* logo_login@3x.png */,
				9B55520169E746E7992CC597 /* logo_signup.png */,
				813CA21DB7A146BAB7F7BD4F /* logo_signup@2x.png */,
				84A9744AC16A4DD8AC545676 /* logo_signup@3x.png */,
				3B80C2DCEA23431799EA0C12 /* menu.png */,
				7F84587E09824037A0F6620C /* menu@2x.png */,
				142826A2CBD344779DD41DD1 /* menu@3x.png */,
				D2EBA8D7B97643E4B0FB4663 /* nonselected.png */,
				FF3C2D22F8024383AB6433F8 /* nonselected@2x.png */,
				8784CCF617664CB1B01118A5 /* nonselected@3x.png */,
				E38442662AD14DC4A690C3FF /* pear.png */,
				E896B4F0539B4925A0C13356 /* pear@2x.png */,
				EEC0EE329B674B79AD093010 /* pear@3x.png */,
				3182B7C11476401398BB27C6 /* recent.png */,
				B1E2D485FCCF4D0F90C35AC1 /* recent@2x.png */,
				779A5BE9B5424AEEB924F7E2 /* recent@3x.png */,
				5E8803F8C1E84A70B60F88AB /* selected.png */,
				B6F9464DE3EB4254846F7A81 /* selected@2x.png */,
				51DBB37ABA304EB19FCFACC8 /* selected@3x.png */,
				C6873608B9E34213B382C814 /* unchecked.png */,
				FEA5E1A1A3234C75B281906B /* unchecked@2x.png */,
				832F01D2145B457CB3B71B30 /* unchecked@3x.png */,
				91E2677A11D14309A005D753 /* unchecked_white.png */,
				C5723C1BE0904E51A5ADCD90 /* unchecked_white@2x.png */,
				6E5449E631C14A1A92AC564E /* unchecked_white@3x.png */,
			);
			name = Resources;
			sourceTree = "<group>";
		};
/* End PBXGroup section */

/* Begin PBXNativeTarget section */
		858B83EF18CA22B800AB12DE /* autolock */ = {
			isa = PBXNativeTarget;
			buildConfigurationList = 858B843018CA22B800AB12DE /* Build configuration list for PBXNativeTarget "autolock" */;
			buildPhases = (
				3A21BB440FB58A389F342CC9 /* [CP] Check Pods Manifest.lock */,
				C97FD7AC1ADE5369004DB2A4 /* NativeScript PreBuild */,
				858B83F218CA22B800AB12DE /* Sources */,
				CD62955B1BB2651D00AE3A93 /* NativeScript PreLink */,
				858B83F418CA22B800AB12DE /* Frameworks */,
				858B842C18CA22B800AB12DE /* Resources */,
				85F5BDFC1A9363BE006B9701 /* Embed Frameworks */,
				CD3EAD351B05FF060042DBFC /* NativeScript PostBuild */,
				EE8038A2038A126A1AAA5FBD /* [CP] Embed Pods Frameworks */,
				48306E4260B0F88CF77863F2 /* [CP] Copy Pods Resources */,
			);
			buildRules = (
			);
			dependencies = (
			);
			name = autolock;
			productName = JDBridgeApp;
			productReference = 858B843318CA22B800AB12DE /* autolock.app */;
			productType = "com.apple.product-type.application";
		};
/* End PBXNativeTarget section */

/* Begin PBXProject section */
		858B832618CA111C00AB12DE /* Project object */ = {
			isa = PBXProject;
			attributes = {
				CLASSPREFIX = TNS;
				LastUpgradeCheck = 500;
				ORGANIZATIONNAME = Telerik;
			};
			buildConfigurationList = 858B832918CA111C00AB12DE /* Build configuration list for PBXProject "autolock" */;
			compatibilityVersion = "Xcode 3.2";
			developmentRegion = English;
			hasScannedForEncodings = 0;
			knownRegions = (
				en,
			);
			mainGroup = 858B832518CA111C00AB12DE;
			productRefGroup = 858B832F18CA111C00AB12DE /* Products */;
			projectDirPath = "";
			projectRoot = "";
			targets = (
				858B83EF18CA22B800AB12DE /* autolock */,
			);
		};
/* End PBXProject section */

/* Begin PBXResourcesBuildPhase section */
		858B842C18CA22B800AB12DE /* Resources */ = {
			isa = PBXResourcesBuildPhase;
			buildActionMask = 2147483647;
			files = (
				CD45EE7C18DC2D5800FB50C0 /* app in Resources */,
				858B842D18CA22B800AB12DE /* InfoPlist.strings in Resources */,
				ADED901597B94669ABF01E03 /* Assets.xcassets in Resources */,
				4B2624B2B45442DBA8158E67 /* GoogleService-Info.plist in Resources */,
				FD0DE0C693444064A24FE743 /* Icon-60@3x.png in Resources */,
				71663FE18A9E45BF91667CD2 /* Icon-Small-40.png in Resources */,
				C6E3FD1EA4EB47E8A4C813D1 /* Icon-Small-40@2x.png in Resources */,
				CF16033B03B74EF6BC75CEE6 /* Icon-Small-40@3x.png in Resources */,
				FF50308E75D343229E746AFB /* Icon-Small-50.png in Resources */,
				12F1A73B59FB432EBF5FEC25 /* Icon-Small-50@2x.png in Resources */,
				7FBB3AA09F644D979FCAF03B /* Icon-Small.png in Resources */,
				4DCE44103B4F49CF8481ED7A /* Icon-Small@2x.png in Resources */,
				25B0BA76507B4DF981792CC1 /* Icon-Small@3x.png in Resources */,
				010037E942A44D1CA0807E65 /* LaunchScreen.storyboard in Resources */,
				B404761D61CD4977B8FD5309 /* add.png in Resources */,
				2DD64A8ABA5742D79BAD3A5F /* add@2x.png in Resources */,
				C6E4C0FC377444DEB990B3C5 /* add@3x.png in Resources */,
				620EBD44274848049BF404E5 /* apple.png in Resources */,
				6D551BB4E7CC4463AE183D0D /* apple@2x.png in Resources */,
				C1BF6BAD5DC546128C305FD9 /* apple@3x.png in Resources */,
				08E77461D70F4BBAA4C2095F /* banana.png in Resources */,
				05E470646EE042BCBC1D583A /* banana@2x.png in Resources */,
				AA7306217BC6436799838418 /* banana@3x.png in Resources */,
				CCB34562B6C3403FAE7BEA10 /* bg_inner.jpg in Resources */,
				82DF878943494E3ABBD6C848 /* bg_inner@2x.jpg in Resources */,
				7A53BDC9490A4E5E95CFAA11 /* bg_inner@3x.jpg in Resources */,
				4EA4C6D2B4E34803A1D135AB /* bg_login.jpg in Resources */,
				BE5A0EDB89D4482A9D24ADD1 /* bg_login@2x.jpg in Resources */,
				BB3E2725F94F4936901B60BA /* bg_login@3x.jpg in Resources */,
				A014211DC3364E11BA476D6B /* build.xcconfig in Resources */,
				22B7F8725232406BB2FC8ED0 /* checked.png in Resources */,
				F0DB1E92E7A9436B9D2AB0C3 /* checked@2x.png in Resources */,
				36A521D1D3E047349574802F /* checked@3x.png in Resources */,
				BA5E99F54CE54D119C08FFED /* checked_white.png in Resources */,
				968ABBD2204E4888AD3280A1 /* checked_white@2x.png in Resources */,
				7D49A71A940241C3B3C5435C /* checked_white@3x.png in Resources */,
				8ED972EF75894B8A86ABD44B /* delete.png in Resources */,
				A52DD5D7DA3749D69166BEC6 /* delete@2x.png in Resources */,
				F28E0DD8690E46E68D5E9626 /* delete@3x.png in Resources */,
				11C4B2B2B24949A98F610040 /* iTunesArtwork@2x.png in Resources */,
				A58B08ED7A6D42C9A19AC2FA /* icon-60.png in Resources */,
				0D92358F902C4E34B23902BE /* icon-60@2x.png in Resources */,
				88C7F1571DB34E1E912A92B8 /* icon-72.png in Resources */,
				DB8C4B1D137F42CF8DA78BA5 /* icon-72@2x.png in Resources */,
				381F6E3536B44CFCB5BB2515 /* icon-76.png in Resources */,
				C7371F53B958403BBF0F807E /* icon-76@2x.png in Resources */,
				650E16EE96EA458D82EE20AF /* icon.png in Resources */,
				9B186873778B48AF89740A5A /* icon@2x.png in Resources */,
				BB1DEAFECC2444E082D16671 /* logo_login.png in Resources */,
				24A3F8612DE04E32B0AB3111 /* logo_login@2x.png in Resources */,
				A9F37878E80F47B38DB13E8C /* logo_login@3x.png in Resources */,
				7299C996B58F4FCC943CDB70 /* logo_signup.png in Resources */,
				78DBD2E3314649C09274E025 /* logo_signup@2x.png in Resources */,
				D3EDB09A0F8643CFB13F1BB7 /* logo_signup@3x.png in Resources */,
				945D218311C64E839AE8FEA4 /* menu.png in Resources */,
				72FD9CA0E6DB46D482C40285 /* menu@2x.png in Resources */,
				8E94725287054B359FA49E77 /* menu@3x.png in Resources */,
				07B9F03C6EB942B8A418328E /* nonselected.png in Resources */,
				3AAADED9398A486090FD412A /* nonselected@2x.png in Resources */,
				A31A870C42A644ABB4B890E9 /* nonselected@3x.png in Resources */,
				99343F2CDCA74B60AD4EA352 /* pear.png in Resources */,
				C98DFCEB1AFC4BAF967DB92B /* pear@2x.png in Resources */,
				800D13122A6D44949A110B0F /* pear@3x.png in Resources */,
				8228A5D6726F4C97A5B94861 /* recent.png in Resources */,
				AAB03BD57CF346FE919E5820 /* recent@2x.png in Resources */,
				0F00184EF02A4C21BC8651A8 /* recent@3x.png in Resources */,
				F186664C23A0413FA778AC85 /* selected.png in Resources */,
				FAF9368DEB1E4E77A2B9A2E9 /* selected@2x.png in Resources */,
				C0FBA542105D416C9F4AE59E /* selected@3x.png in Resources */,
				BF7743E94FAF47589E3B4BE8 /* unchecked.png in Resources */,
				774277A8F5DA4878A52E4172 /* unchecked@2x.png in Resources */,
				F68266A461224718B3A2F740 /* unchecked@3x.png in Resources */,
				4C804091F3D146C88EBA4FB7 /* unchecked_white.png in Resources */,
				4CE20BBD8F9342FBB532B11C /* unchecked_white@2x.png in Resources */,
				14E0EC4D6F0C4D43870B5A42 /* unchecked_white@3x.png in Resources */,
			);
			runOnlyForDeploymentPostprocessing = 0;
		};
/* End PBXResourcesBuildPhase section */

/* Begin PBXShellScriptBuildPhase section */
		3A21BB440FB58A389F342CC9 /* [CP] Check Pods Manifest.lock */ = {
			isa = PBXShellScriptBuildPhase;
			buildActionMask = 2147483647;
			files = (
			);
			inputPaths = (
				"${PODS_PODFILE_DIR_PATH}/Podfile.lock",
				"${PODS_ROOT}/Manifest.lock",
			);
			name = "[CP] Check Pods Manifest.lock";
			outputPaths = (
				"$(DERIVED_FILE_DIR)/Pods-autolock-checkManifestLockResult.txt",
			);
			runOnlyForDeploymentPostprocessing = 0;
			shellPath = /bin/sh;
			shellScript = "diff \"${PODS_PODFILE_DIR_PATH}/Podfile.lock\" \"${PODS_ROOT}/Manifest.lock\" > /dev/null\nif [ $? != 0 ] ; then\n    # print error to STDERR\n    echo \"error: The sandbox is not in sync with the Podfile.lock. Run 'pod install' or update your CocoaPods installation.\" >&2\n    exit 1\nfi\n# This output is used by Xcode 'outputs' to avoid re-running this script phase.\necho \"SUCCESS\" > \"${SCRIPT_OUTPUT_FILE_0}\"\n";
			showEnvVarsInLog = 0;
		};
		48306E4260B0F88CF77863F2 /* [CP] Copy Pods Resources */ = {
			isa = PBXShellScriptBuildPhase;
			buildActionMask = 2147483647;
			files = (
			);
			inputPaths = (
				"${SRCROOT}/Pods/Target Support Files/Pods-autolock/Pods-autolock-resources.sh",
				"${PODS_ROOT}/GoogleMaps/Maps/Frameworks/GoogleMaps.framework/Resources/GoogleMaps.bundle",
			);
			name = "[CP] Copy Pods Resources";
			outputPaths = (
				"${TARGET_BUILD_DIR}/${UNLOCALIZED_RESOURCES_FOLDER_PATH}/GoogleMaps.bundle",
			);
			runOnlyForDeploymentPostprocessing = 0;
			shellPath = /bin/sh;
			shellScript = "\"${SRCROOT}/Pods/Target Support Files/Pods-autolock/Pods-autolock-resources.sh\"\n";
			showEnvVarsInLog = 0;
		};
		C97FD7AC1ADE5369004DB2A4 /* NativeScript PreBuild */ = {
			isa = PBXShellScriptBuildPhase;
			buildActionMask = 2147483647;
			files = (
			);
			inputPaths = (
			);
			name = "NativeScript PreBuild";
			outputPaths = (
			);
			runOnlyForDeploymentPostprocessing = 0;
			shellPath = /bin/sh;
			shellScript = "\"$SRCROOT/internal/nativescript-pre-build\"";
			showEnvVarsInLog = 0;
		};
		CD3EAD351B05FF060042DBFC /* NativeScript PostBuild */ = {
			isa = PBXShellScriptBuildPhase;
			buildActionMask = 2147483647;
			files = (
			);
			inputPaths = (
			);
			name = "NativeScript PostBuild";
			outputPaths = (
			);
			runOnlyForDeploymentPostprocessing = 0;
			shellPath = /bin/sh;
			shellScript = "\"$SRCROOT/internal/nativescript-post-build\"";
			showEnvVarsInLog = 0;
		};
		CD62955B1BB2651D00AE3A93 /* NativeScript PreLink */ = {
			isa = PBXShellScriptBuildPhase;
			buildActionMask = 2147483647;
			files = (
			);
			inputPaths = (
			);
			name = "NativeScript PreLink";
			outputPaths = (
			);
			runOnlyForDeploymentPostprocessing = 0;
			shellPath = /bin/sh;
			shellScript = "\"$SRCROOT/internal/nativescript-pre-link\"";
			showEnvVarsInLog = 0;
		};
		EE8038A2038A126A1AAA5FBD /* [CP] Embed Pods Frameworks */ = {
			isa = PBXShellScriptBuildPhase;
			buildActionMask = 2147483647;
			files = (
			);
			inputPaths = (
				"${SRCROOT}/Pods/Target Support Files/Pods-autolock/Pods-autolock-frameworks.sh",
				"${BUILT_PRODUCTS_DIR}/CocoaLumberjack/CocoaLumberjack.framework",
				"${BUILT_PRODUCTS_DIR}/GTMSessionFetcher/GTMSessionFetcher.framework",
				"${BUILT_PRODUCTS_DIR}/GoogleToolboxForMac/GoogleToolboxForMac.framework",
				"${BUILT_PRODUCTS_DIR}/Protobuf/Protobuf.framework",
				"${BUILT_PRODUCTS_DIR}/leveldb-library/leveldb.framework",
				"${BUILT_PRODUCTS_DIR}/nanopb/nanopb.framework",
			);
			name = "[CP] Embed Pods Frameworks";
			outputPaths = (
				"${TARGET_BUILD_DIR}/${FRAMEWORKS_FOLDER_PATH}/CocoaLumberjack.framework",
				"${TARGET_BUILD_DIR}/${FRAMEWORKS_FOLDER_PATH}/GTMSessionFetcher.framework",
				"${TARGET_BUILD_DIR}/${FRAMEWORKS_FOLDER_PATH}/GoogleToolboxForMac.framework",
				"${TARGET_BUILD_DIR}/${FRAMEWORKS_FOLDER_PATH}/Protobuf.framework",
				"${TARGET_BUILD_DIR}/${FRAMEWORKS_FOLDER_PATH}/leveldb.framework",
				"${TARGET_BUILD_DIR}/${FRAMEWORKS_FOLDER_PATH}/nanopb.framework",
			);
			runOnlyForDeploymentPostprocessing = 0;
			shellPath = /bin/sh;
			shellScript = "\"${SRCROOT}/Pods/Target Support Files/Pods-autolock/Pods-autolock-frameworks.sh\"\n";
			showEnvVarsInLog = 0;
		};
/* End PBXShellScriptBuildPhase section */

/* Begin PBXSourcesBuildPhase section */
		858B83F218CA22B800AB12DE /* Sources */ = {
			isa = PBXSourcesBuildPhase;
			buildActionMask = 2147483647;
			files = (
				CD62955D1BB2678900AE3A93 /* main.m in Sources */,
			);
			runOnlyForDeploymentPostprocessing = 0;
		};
/* End PBXSourcesBuildPhase section */

/* Begin PBXVariantGroup section */
		858B833A18CA111C00AB12DE /* InfoPlist.strings */ = {
			isa = PBXVariantGroup;
			children = (
				858B833B18CA111C00AB12DE /* en */,
			);
			name = InfoPlist.strings;
			sourceTree = "<group>";
		};
/* End PBXVariantGroup section */

/* Begin XCBuildConfiguration section */
		858B835818CA111C00AB12DE /* Debug */ = {
			isa = XCBuildConfiguration;
			buildSettings = {
				ALWAYS_SEARCH_USER_PATHS = NO;
				ARCHS = "$(ARCHS_STANDARD)";
				CLANG_CXX_LANGUAGE_STANDARD = "gnu++0x";
				CLANG_CXX_LIBRARY = "libc++";
				CLANG_ENABLE_MODULES = YES;
				CLANG_ENABLE_OBJC_ARC = YES;
				CLANG_WARN_BOOL_CONVERSION = YES;
				CLANG_WARN_CONSTANT_CONVERSION = YES;
				CLANG_WARN_DIRECT_OBJC_ISA_USAGE = YES_ERROR;
				CLANG_WARN_EMPTY_BODY = YES;
				CLANG_WARN_ENUM_CONVERSION = YES;
				CLANG_WARN_INT_CONVERSION = YES;
				CLANG_WARN_OBJC_ROOT_CLASS = YES_ERROR;
				CLANG_WARN__DUPLICATE_METHOD_MATCH = YES;
				"CODE_SIGN_IDENTITY[sdk=iphoneos*]" = "iPhone Developer";
				COPY_PHASE_STRIP = NO;
				GCC_C_LANGUAGE_STANDARD = gnu99;
				GCC_DYNAMIC_NO_PIC = NO;
				GCC_OPTIMIZATION_LEVEL = 0;
				GCC_SYMBOLS_PRIVATE_EXTERN = NO;
				GCC_WARN_64_TO_32_BIT_CONVERSION = YES;
				GCC_WARN_ABOUT_RETURN_TYPE = YES_ERROR;
				GCC_WARN_UNDECLARED_SELECTOR = YES;
				GCC_WARN_UNINITIALIZED_AUTOS = YES;
				GCC_WARN_UNUSED_FUNCTION = YES;
				GCC_WARN_UNUSED_VARIABLE = YES;
				IPHONEOS_DEPLOYMENT_TARGET = 8.0;
				ONLY_ACTIVE_ARCH = YES;
				SDKROOT = iphoneos;
				TARGETED_DEVICE_FAMILY = "1,2";
				VALID_ARCHS = "armv7 arm64";
			};
			name = Debug;
		};
		858B835918CA111C00AB12DE /* Release */ = {
			isa = XCBuildConfiguration;
			buildSettings = {
				ALWAYS_SEARCH_USER_PATHS = NO;
				ARCHS = "$(ARCHS_STANDARD)";
				CLANG_CXX_LANGUAGE_STANDARD = "gnu++0x";
				CLANG_CXX_LIBRARY = "libc++";
				CLANG_ENABLE_MODULES = YES;
				CLANG_ENABLE_OBJC_ARC = YES;
				CLANG_WARN_BOOL_CONVERSION = YES;
				CLANG_WARN_CONSTANT_CONVERSION = YES;
				CLANG_WARN_DIRECT_OBJC_ISA_USAGE = YES_ERROR;
				CLANG_WARN_EMPTY_BODY = YES;
				CLANG_WARN_ENUM_CONVERSION = YES;
				CLANG_WARN_INT_CONVERSION = YES;
				CLANG_WARN_OBJC_ROOT_CLASS = YES_ERROR;
				CLANG_WARN__DUPLICATE_METHOD_MATCH = YES;
				"CODE_SIGN_IDENTITY[sdk=iphoneos*]" = "iPhone Developer";
				COPY_PHASE_STRIP = YES;
				ENABLE_NS_ASSERTIONS = NO;
				GCC_C_LANGUAGE_STANDARD = gnu99;
				GCC_WARN_64_TO_32_BIT_CONVERSION = YES;
				GCC_WARN_ABOUT_RETURN_TYPE = YES_ERROR;
				GCC_WARN_UNDECLARED_SELECTOR = YES;
				GCC_WARN_UNINITIALIZED_AUTOS = YES;
				GCC_WARN_UNUSED_FUNCTION = YES;
				GCC_WARN_UNUSED_VARIABLE = YES;
				IPHONEOS_DEPLOYMENT_TARGET = 8.0;
				SDKROOT = iphoneos;
				TARGETED_DEVICE_FAMILY = "1,2";
				VALIDATE_PRODUCT = YES;
				VALID_ARCHS = "armv7 arm64";
			};
			name = Release;
		};
		858B843118CA22B800AB12DE /* Debug */ = {
			isa = XCBuildConfiguration;
			baseConfigurationReference = CDD59A261BB43B5D00EC2671 /* build-debug.xcconfig */;
			buildSettings = {
				ARCHS = "$(ARCHS_STANDARD)";
				CLANG_ENABLE_MODULES = NO;
				CLANG_MODULES_AUTOLINK = NO;
				ENABLE_BITCODE = NO;
				FRAMEWORK_SEARCH_PATHS = (
					"$(inherited)",
					"\"$(SRCROOT)/../../node_modules/nativescript-background-geolocation-lt/platforms/ios\"",
					"\"$(SRCROOT)/../../node_modules/nativescript-background-fetch/platforms/ios\"",
					"\"$(SRCROOT)/../../node_modules/tns-core-modules-widgets/platforms/ios\"",
				);
				GCC_PRECOMPILE_PREFIX_HEADER = YES;
				GCC_PREFIX_HEADER = "autolock/autolock-Prefix.pch";
				GCC_PREPROCESSOR_DEFINITIONS = (
					"$(inherited)",
					"DEBUG=1",
				);
				INFOPLIST_FILE = "$(SRCROOT)/autolock/autolock-Info.plist";
				LD_RUNPATH_SEARCH_PATHS = "$(inherited) @executable_path/Frameworks";
				PRODUCT_NAME = autolock;
				VALID_ARCHS = "armv7 arm64";
				WRAPPER_EXTENSION = app;
			};
			name = Debug;
		};
		858B843218CA22B800AB12DE /* Release */ = {
			isa = XCBuildConfiguration;
			baseConfigurationReference = CDD59A271BB43B5D00EC2671 /* build-release.xcconfig */;
			buildSettings = {
				ARCHS = "$(ARCHS_STANDARD)";
				CLANG_ENABLE_MODULES = NO;
				CLANG_MODULES_AUTOLINK = NO;
				ENABLE_BITCODE = NO;
				FRAMEWORK_SEARCH_PATHS = (
					"$(inherited)",
					"\"$(SRCROOT)/../../node_modules/nativescript-background-geolocation-lt/platforms/ios\"",
					"\"$(SRCROOT)/../../node_modules/nativescript-background-fetch/platforms/ios\"",
					"\"$(SRCROOT)/../../node_modules/tns-core-modules-widgets/platforms/ios\"",
				);
				GCC_PRECOMPILE_PREFIX_HEADER = YES;
				GCC_PREFIX_HEADER = "autolock/autolock-Prefix.pch";
				INFOPLIST_FILE = "$(SRCROOT)/autolock/autolock-Info.plist";
				LD_RUNPATH_SEARCH_PATHS = "$(inherited) @executable_path/Frameworks";
				PRODUCT_NAME = autolock;
				VALID_ARCHS = "armv7 arm64";
				WRAPPER_EXTENSION = app;
			};
			name = Release;
		};
/* End XCBuildConfiguration section */

/* Begin XCConfigurationList section */
		858B832918CA111C00AB12DE /* Build configuration list for PBXProject "autolock" */ = {
			isa = XCConfigurationList;
			buildConfigurations = (
				858B835818CA111C00AB12DE /* Debug */,
				858B835918CA111C00AB12DE /* Release */,
			);
			defaultConfigurationIsVisible = 0;
			defaultConfigurationName = Release;
		};
		858B843018CA22B800AB12DE /* Build configuration list for PBXNativeTarget "autolock" */ = {
			isa = XCConfigurationList;
			buildConfigurations = (
				858B843118CA22B800AB12DE /* Debug */,
				858B843218CA22B800AB12DE /* Release */,
			);
			defaultConfigurationIsVisible = 0;
			defaultConfigurationName = Release;
		};
/* End XCConfigurationList section */
	};
	rootObject = 858B832618CA111C00AB12DE /* Project object */;
}
