// !$*UTF8*$!
{
	archiveVersion = 1;
	classes = {
	};
	objectVersion = 46;
	objects = {

/* Begin PBXBuildFile section */
		02DC2BD666AA4D1DAA5691DC /* Icon-Small.png in Resources */ = {isa = PBXBuildFile; fileRef = A5F70EF450644DCC82E72D78 /* Icon-Small.png */; };
		06597A4745684BB282E9874E /* checked@2x.png in Resources */ = {isa = PBXBuildFile; fileRef = C4511D94980E4019AD55F027 /* checked@2x.png */; };
		0EFEE8964EA744528F037D2D /* Icon-Small-40@2x.png in Resources */ = {isa = PBXBuildFile; fileRef = A976FF9B817E4B259B00BEF7 /* Icon-Small-40@2x.png */; };
		11983BA740F34D4E9271F96D /* Icon-Small-50@2x.png in Resources */ = {isa = PBXBuildFile; fileRef = 83C53D396420451D8A073DAF /* Icon-Small-50@2x.png */; };
		15A9FDD4DB754BC5964E99FD /* selected@2x.png in Resources */ = {isa = PBXBuildFile; fileRef = 8FE3A926EE234B43AD879BBE /* selected@2x.png */; };
		19FEC9478CDA43B8B3B9023E /* Icon-Small-40.png in Resources */ = {isa = PBXBuildFile; fileRef = 2ED0CC4960E1431A843AC0B9 /* Icon-Small-40.png */; };
		1B6B0270AA264A7FB51B060C /* banana@2x.png in Resources */ = {isa = PBXBuildFile; fileRef = 21EA9C95B2354A1C99559465 /* banana@2x.png */; };
		1CA764EF75844F7DB9FE8662 /* TNSWidgets.framework in Frameworks */ = {isa = PBXBuildFile; fileRef = 64B375FF636F43B78D173933 /* TNSWidgets.framework */; };
		1D097271A18D4616900C95BC /* nonselected@2x.png in Resources */ = {isa = PBXBuildFile; fileRef = 97277960035D4C9DAB45DC26 /* nonselected@2x.png */; };
		1E781402E3FF404183F46A79 /* bg_login@3x.jpg in Resources */ = {isa = PBXBuildFile; fileRef = D1F9C57D8A414057BB5B34BE /* bg_login@3x.jpg */; };
		205E9FBDE1F446E6898ADA7F /* bg_inner@3x.jpg in Resources */ = {isa = PBXBuildFile; fileRef = 28E464056A4F42D29A92D4FC /* bg_inner@3x.jpg */; };
		21B5E281256A4E418174485F /* bg_login.jpg in Resources */ = {isa = PBXBuildFile; fileRef = 524EA5B61F5B4F2DA6DF372E /* bg_login.jpg */; };
		2200D295CFF84CA88C8B2F9A /* bg_inner.jpg in Resources */ = {isa = PBXBuildFile; fileRef = EBB16CBCB18F444D91446462 /* bg_inner.jpg */; };
		25556B2B55E345CDAE83EB99 /* add@3x.png in Resources */ = {isa = PBXBuildFile; fileRef = 8D5A82E1FE8B452ABE3CE638 /* add@3x.png */; };
		280ECCAE91B54E23BD4AED9F /* nonselected.png in Resources */ = {isa = PBXBuildFile; fileRef = 3B7C6DB26CFA43F3AD66B962 /* nonselected.png */; };
		2D22857C0F5643C3BB46154C /* Assets.xcassets in Resources */ = {isa = PBXBuildFile; fileRef = 93620121A51F47B9A9D91355 /* Assets.xcassets */; };
		30C54D830AAE449880E66663 /* icon-72@2x.png in Resources */ = {isa = PBXBuildFile; fileRef = 32DC0DC900C74B7280608DD0 /* icon-72@2x.png */; };
		32BAE9BAF76A4F38A382ABCE /* Icon-Small@3x.png in Resources */ = {isa = PBXBuildFile; fileRef = 0DCB7082441D4752AFE9DE3A /* Icon-Small@3x.png */; };
		36738C47F25B41D49445372D /* delete.png in Resources */ = {isa = PBXBuildFile; fileRef = C64460A56A8147BE9818E5A2 /* delete.png */; };
		3FAF3263311347D4ACAC132B /* apple@2x.png in Resources */ = {isa = PBXBuildFile; fileRef = 4D32978468E64B0FBF77E7BE /* apple@2x.png */; };
		4487814D59FF402185C2EC85 /* menu@3x.png in Resources */ = {isa = PBXBuildFile; fileRef = 4AC7BEC09C0A4AA8AE6ACFEA /* menu@3x.png */; };
		484E3F1F04FA49788E841F54 /* iTunesArtwork@2x.png in Resources */ = {isa = PBXBuildFile; fileRef = 4EF12AB54226460CA4EC4A51 /* iTunesArtwork@2x.png */; };
		52D3B28D73604F71BE2136E0 /* Icon-Small-50.png in Resources */ = {isa = PBXBuildFile; fileRef = 4A4D9E1FDAC345FE966FBD0B /* Icon-Small-50.png */; };
		5A740F9F1EE7499CAEE192AF /* Icon-Small@2x.png in Resources */ = {isa = PBXBuildFile; fileRef = B0F1D471AA124AB7821DDE7C /* Icon-Small@2x.png */; };
		5B952BCC82FA4FDEBB7491A4 /* logo_signup.png in Resources */ = {isa = PBXBuildFile; fileRef = 9D5C3D2728844ADFADE82EAA /* logo_signup.png */; };
		5C1985326DD6401BAF24D1AE /* logo_login@2x.png in Resources */ = {isa = PBXBuildFile; fileRef = 5F3FC5A02C494B849C1201A3 /* logo_login@2x.png */; };
		6181B09263764B81A4BD27F2 /* icon.png in Resources */ = {isa = PBXBuildFile; fileRef = BC66D2BE05174B1CB9F515FB /* icon.png */; };
		66FE5064105247599915D3EE /* selected.png in Resources */ = {isa = PBXBuildFile; fileRef = 0C8683AF00AE4B4C8773FDBB /* selected.png */; };
		675C345AA3EE4B06A14E2644 /* icon-76.png in Resources */ = {isa = PBXBuildFile; fileRef = C99CE85DB9C6497BB1D00416 /* icon-76.png */; };
		69D0442075AE42F3B4BD5789 /* unchecked.png in Resources */ = {isa = PBXBuildFile; fileRef = 6F6CDF1C6B6A493E86B8353B /* unchecked.png */; };
		6A675237050D414EA6EB86BB /* menu@2x.png in Resources */ = {isa = PBXBuildFile; fileRef = FA6407A0246A4209B35A3A72 /* menu@2x.png */; };
		6AA483A0D77D428098824164 /* Icon-Small-40@3x.png in Resources */ = {isa = PBXBuildFile; fileRef = CF0E80A0348C42C49FF5758E /* Icon-Small-40@3x.png */; };
		765A74C7DAE44D5DB0E94ADB /* pear@3x.png in Resources */ = {isa = PBXBuildFile; fileRef = 90D1D1BBB323443B99D4EBEE /* pear@3x.png */; };
		7883D454F8164EA184645329 /* unchecked_white@2x.png in Resources */ = {isa = PBXBuildFile; fileRef = 09D3584219D949D995E7723C /* unchecked_white@2x.png */; };
		7A4223FD1673451AB52ACD44 /* TNSWidgets.framework in Embed Frameworks */ = {isa = PBXBuildFile; fileRef = 64B375FF636F43B78D173933 /* TNSWidgets.framework */; settings = {ATTRIBUTES = (CodeSignOnCopy, RemoveHeadersOnCopy, ); }; };
		7A6C569AEF514261B0266BF3 /* recent.png in Resources */ = {isa = PBXBuildFile; fileRef = A01C44DB23684F94963666CB /* recent.png */; };
		7BAB8E9952FE452EBD54EC07 /* menu.png in Resources */ = {isa = PBXBuildFile; fileRef = C92D9CE0BCF94452AC16D1F6 /* menu.png */; };
		7ED0BE77C32D498EA512E711 /* Icon-60@3x.png in Resources */ = {isa = PBXBuildFile; fileRef = F392FF63FA174AAD8A2106BF /* Icon-60@3x.png */; };
		7EE7267F85F24E179BBCB24E /* checked.png in Resources */ = {isa = PBXBuildFile; fileRef = B164F698956D45AA81AB05BC /* checked.png */; };
		82167FDF77E34F5BAA7B79DD /* selected@3x.png in Resources */ = {isa = PBXBuildFile; fileRef = F18C7515D78D4E63956F8429 /* selected@3x.png */; };
		82BA103D954C4B8CBF1706CF /* recent@3x.png in Resources */ = {isa = PBXBuildFile; fileRef = 8786B9C4ED1A4728B906ED41 /* recent@3x.png */; };
		84F8F73133C147F6959706D4 /* TSLocationManager.framework in Frameworks */ = {isa = PBXBuildFile; fileRef = F9BDEA2C806C4227BB9AC8B9 /* TSLocationManager.framework */; };
		858B842D18CA22B800AB12DE /* InfoPlist.strings in Resources */ = {isa = PBXBuildFile; fileRef = 858B833A18CA111C00AB12DE /* InfoPlist.strings */; };
		85EB5E687178483DB0EA5D0F /* pear.png in Resources */ = {isa = PBXBuildFile; fileRef = 558D614AED8E466480C0C0A2 /* pear.png */; };
		870D1361FD9D4FCEBDA870E6 /* GoogleService-Info.plist in Resources */ = {isa = PBXBuildFile; fileRef = 608B13BD8180496DB985ACC3 /* GoogleService-Info.plist */; };
		87E1E037C5384AE2AB7FC2AD /* logo_login.png in Resources */ = {isa = PBXBuildFile; fileRef = 7ED41D3707634C75856238A2 /* logo_login.png */; };
		8CCACE46A4FC460E9D42AA0B /* bg_login@2x.jpg in Resources */ = {isa = PBXBuildFile; fileRef = 5FEC9AD8CEC04A6AAD6C7FC4 /* bg_login@2x.jpg */; };
		8EAC07A711634BBEBA135299 /* checked_white@3x.png in Resources */ = {isa = PBXBuildFile; fileRef = 3A81F61A2DF5441DAE61CC58 /* checked_white@3x.png */; };
		8FBB00EC247A4D078352B0E0 /* delete@2x.png in Resources */ = {isa = PBXBuildFile; fileRef = 070AD09791D342739172B754 /* delete@2x.png */; };
		912629B42EA4987DA786548E /* Pods_autolock.framework in Frameworks */ = {isa = PBXBuildFile; fileRef = E2BC27C2A672F2E457F748F4 /* Pods_autolock.framework */; };
		92C9F22A7A5744FCBB1C8B0F /* icon-60@2x.png in Resources */ = {isa = PBXBuildFile; fileRef = D69A713F19CE43258ECDA37F /* icon-60@2x.png */; };
		93527EF7FAAD4EB1878F125F /* checked_white.png in Resources */ = {isa = PBXBuildFile; fileRef = 8B86FFD7B0224B1CBB8709B6 /* checked_white.png */; };
		98A0CA01B11E42E79D12540B /* banana@3x.png in Resources */ = {isa = PBXBuildFile; fileRef = A8C799D57DED4C5B972671B6 /* banana@3x.png */; };
		99586AF7C53F4363AD95256E /* icon-72.png in Resources */ = {isa = PBXBuildFile; fileRef = 8A945521835B40F99376F8AB /* icon-72.png */; };
		99A8D90F82AC4D19B24D8C48 /* build.xcconfig in Resources */ = {isa = PBXBuildFile; fileRef = 74678CD56AC64A93A1E9FE77 /* build.xcconfig */; };
		A097632743B944F3995605D9 /* LaunchScreen.storyboard in Resources */ = {isa = PBXBuildFile; fileRef = EEF075D056F14AE8BFBB4A33 /* LaunchScreen.storyboard */; };
		A3F3921C74F14F3497CEE4E7 /* logo_signup@2x.png in Resources */ = {isa = PBXBuildFile; fileRef = 2FB047C8C7F34360A173085A /* logo_signup@2x.png */; };
		A3F3CE8807AC4064B062D538 /* add@2x.png in Resources */ = {isa = PBXBuildFile; fileRef = 9E32BCB1407E4F4C9AD5EC54 /* add@2x.png */; };
		A8255E84A18B4332A5F9F396 /* unchecked_white.png in Resources */ = {isa = PBXBuildFile; fileRef = 0A85757A32A5441BBCF7895A /* unchecked_white.png */; };
		BA2B54C3165A4327B01501E1 /* icon-60.png in Resources */ = {isa = PBXBuildFile; fileRef = C51963EA44D44CD0AB8626BC /* icon-60.png */; };
		BA528F978D70452DBAE3A832 /* add.png in Resources */ = {isa = PBXBuildFile; fileRef = BC3ADD92133C4351942CDFD4 /* add.png */; };
		C30A5832524D484F866786EE /* logo_login@3x.png in Resources */ = {isa = PBXBuildFile; fileRef = 0E16BE385073469EA0A36564 /* logo_login@3x.png */; };
		C5DE6DFB66204C47B71AAEC8 /* bg_inner@2x.jpg in Resources */ = {isa = PBXBuildFile; fileRef = 1EB59F5A55024A4EB14DB19C /* bg_inner@2x.jpg */; };
		C5FFE58FC5094EE3939A403E /* icon@2x.png in Resources */ = {isa = PBXBuildFile; fileRef = 5069201397B345EEBA28D08A /* icon@2x.png */; };
		CB00B3EF2B824870B22EFEE7 /* delete@3x.png in Resources */ = {isa = PBXBuildFile; fileRef = 52A503DACAF445E786EEF27F /* delete@3x.png */; };
		CB598997601C4C2CAFF644AC /* unchecked@3x.png in Resources */ = {isa = PBXBuildFile; fileRef = 86BD37B677B3445C81B000AA /* unchecked@3x.png */; };
		CD45EE7C18DC2D5800FB50C0 /* app in Resources */ = {isa = PBXBuildFile; fileRef = CD45EE7A18DC2D5800FB50C0 /* app */; };
		CD62955D1BB2678900AE3A93 /* main.m in Sources */ = {isa = PBXBuildFile; fileRef = CD62955C1BB2678900AE3A93 /* main.m */; };
		CF03B4F777C945D6A2A3185B /* pear@2x.png in Resources */ = {isa = PBXBuildFile; fileRef = B23B9DF37BBF4922B3CB5E8B /* pear@2x.png */; };
		D1F93E11EBA74D1084651829 /* unchecked_white@3x.png in Resources */ = {isa = PBXBuildFile; fileRef = D0463050C4544BF08848F6EA /* unchecked_white@3x.png */; };
		D2C9856675B148C3886F0036 /* checked_white@2x.png in Resources */ = {isa = PBXBuildFile; fileRef = A39887BB8AC94A28B3EB374B /* checked_white@2x.png */; };
		D74BCE7836DB48D080325261 /* recent@2x.png in Resources */ = {isa = PBXBuildFile; fileRef = 65CBF728BF474779AD093590 /* recent@2x.png */; };
		DB2A2C34EC934C40A4629368 /* checked@3x.png in Resources */ = {isa = PBXBuildFile; fileRef = CB7FF244061947038D8083C0 /* checked@3x.png */; };
		DC84BEEF1C474D758C4F6F8C /* icon-76@2x.png in Resources */ = {isa = PBXBuildFile; fileRef = C583663265E74F85901ADE22 /* icon-76@2x.png */; };
		DE5F1FDF4A264DAC8C3963A1 /* apple.png in Resources */ = {isa = PBXBuildFile; fileRef = 754B5468CD2A488C839A1CA9 /* apple.png */; };
		E5F905C287B44B6882951FFE /* banana.png in Resources */ = {isa = PBXBuildFile; fileRef = BD92211B7DC849958015AAA6 /* banana.png */; };
		EBE88C404B6A4D6AAC0BC8F7 /* unchecked@2x.png in Resources */ = {isa = PBXBuildFile; fileRef = 2B391181EB854E40B19F1B26 /* unchecked@2x.png */; };
		F0C7F7E052AC4C45942D78C1 /* TSBackgroundFetch.framework in Frameworks */ = {isa = PBXBuildFile; fileRef = AFC4AB4D2C6D41BEA8D28FD2 /* TSBackgroundFetch.framework */; };
		F3670D30B095414EBE3BBD11 /* apple@3x.png in Resources */ = {isa = PBXBuildFile; fileRef = FAE0DBD36F654A63957DA356 /* apple@3x.png */; };
		FD2F61EDAE3D4024B1AE333A /* nonselected@3x.png in Resources */ = {isa = PBXBuildFile; fileRef = 303F1EFDEFC34A34BE2B6A9B /* nonselected@3x.png */; };
		FFF968C8C7EE40C69064E242 /* logo_signup@3x.png in Resources */ = {isa = PBXBuildFile; fileRef = 47CE1FA8950944249B80675C /* logo_signup@3x.png */; };
/* End PBXBuildFile section */

/* Begin PBXCopyFilesBuildPhase section */
		85F5BDFC1A9363BE006B9701 /* Embed Frameworks */ = {
			isa = PBXCopyFilesBuildPhase;
			buildActionMask = 2147483647;
			dstPath = "";
			dstSubfolderSpec = 10;
			files = (
				7A4223FD1673451AB52ACD44 /* TNSWidgets.framework in Embed Frameworks */,
			);
			name = "Embed Frameworks";
			runOnlyForDeploymentPostprocessing = 0;
		};
/* End PBXCopyFilesBuildPhase section */

/* Begin PBXFileReference section */
		070AD09791D342739172B754 /* delete@2x.png */ = {isa = PBXFileReference; lastKnownFileType = image.png; name = "delete@2x.png"; path = "autolock/Resources/delete@2x.png"; sourceTree = "<group>"; };
		09D3584219D949D995E7723C /* unchecked_white@2x.png */ = {isa = PBXFileReference; lastKnownFileType = image.png; name = "unchecked_white@2x.png"; path = "autolock/Resources/unchecked_white@2x.png"; sourceTree = "<group>"; };
		0A85757A32A5441BBCF7895A /* unchecked_white.png */ = {isa = PBXFileReference; lastKnownFileType = image.png; name = unchecked_white.png; path = autolock/Resources/unchecked_white.png; sourceTree = "<group>"; };
		0C8683AF00AE4B4C8773FDBB /* selected.png */ = {isa = PBXFileReference; lastKnownFileType = image.png; name = selected.png; path = autolock/Resources/selected.png; sourceTree = "<group>"; };
		0DCB7082441D4752AFE9DE3A /* Icon-Small@3x.png */ = {isa = PBXFileReference; lastKnownFileType = image.png; name = "Icon-Small@3x.png"; path = "autolock/Resources/Icon-Small@3x.png"; sourceTree = "<group>"; };
		0E16BE385073469EA0A36564 /* logo_login@3x.png */ = {isa = PBXFileReference; lastKnownFileType = image.png; name = "logo_login@3x.png"; path = "autolock/Resources/logo_login@3x.png"; sourceTree = "<group>"; };
		1EB59F5A55024A4EB14DB19C /* bg_inner@2x.jpg */ = {isa = PBXFileReference; fileEncoding = 4; lastKnownFileType = unknown; name = "bg_inner@2x.jpg"; path = "autolock/Resources/bg_inner@2x.jpg"; sourceTree = "<group>"; };
		21EA9C95B2354A1C99559465 /* banana@2x.png */ = {isa = PBXFileReference; lastKnownFileType = image.png; name = "banana@2x.png"; path = "autolock/Resources/banana@2x.png"; sourceTree = "<group>"; };
		28E464056A4F42D29A92D4FC /* bg_inner@3x.jpg */ = {isa = PBXFileReference; fileEncoding = 4; lastKnownFileType = unknown; name = "bg_inner@3x.jpg"; path = "autolock/Resources/bg_inner@3x.jpg"; sourceTree = "<group>"; };
		2B391181EB854E40B19F1B26 /* unchecked@2x.png */ = {isa = PBXFileReference; lastKnownFileType = image.png; name = "unchecked@2x.png"; path = "autolock/Resources/unchecked@2x.png"; sourceTree = "<group>"; };
		2ED0CC4960E1431A843AC0B9 /* Icon-Small-40.png */ = {isa = PBXFileReference; lastKnownFileType = image.png; name = "Icon-Small-40.png"; path = "autolock/Resources/Icon-Small-40.png"; sourceTree = "<group>"; };
		2FB047C8C7F34360A173085A /* logo_signup@2x.png */ = {isa = PBXFileReference; lastKnownFileType = image.png; name = "logo_signup@2x.png"; path = "autolock/Resources/logo_signup@2x.png"; sourceTree = "<group>"; };
		303F1EFDEFC34A34BE2B6A9B /* nonselected@3x.png */ = {isa = PBXFileReference; lastKnownFileType = image.png; name = "nonselected@3x.png"; path = "autolock/Resources/nonselected@3x.png"; sourceTree = "<group>"; };
		32DC0DC900C74B7280608DD0 /* icon-72@2x.png */ = {isa = PBXFileReference; lastKnownFileType = image.png; name = "icon-72@2x.png"; path = "autolock/Resources/icon-72@2x.png"; sourceTree = "<group>"; };
		3A81F61A2DF5441DAE61CC58 /* checked_white@3x.png */ = {isa = PBXFileReference; lastKnownFileType = image.png; name = "checked_white@3x.png"; path = "autolock/Resources/checked_white@3x.png"; sourceTree = "<group>"; };
		3B7C6DB26CFA43F3AD66B962 /* nonselected.png */ = {isa = PBXFileReference; lastKnownFileType = image.png; name = nonselected.png; path = autolock/Resources/nonselected.png; sourceTree = "<group>"; };
		47CE1FA8950944249B80675C /* logo_signup@3x.png */ = {isa = PBXFileReference; lastKnownFileType = image.png; name = "logo_signup@3x.png"; path = "autolock/Resources/logo_signup@3x.png"; sourceTree = "<group>"; };
		4A4D9E1FDAC345FE966FBD0B /* Icon-Small-50.png */ = {isa = PBXFileReference; lastKnownFileType = image.png; name = "Icon-Small-50.png"; path = "autolock/Resources/Icon-Small-50.png"; sourceTree = "<group>"; };
		4AC7BEC09C0A4AA8AE6ACFEA /* menu@3x.png */ = {isa = PBXFileReference; lastKnownFileType = image.png; name = "menu@3x.png"; path = "autolock/Resources/menu@3x.png"; sourceTree = "<group>"; };
		4D32978468E64B0FBF77E7BE /* apple@2x.png */ = {isa = PBXFileReference; lastKnownFileType = image.png; name = "apple@2x.png"; path = "autolock/Resources/apple@2x.png"; sourceTree = "<group>"; };
		4EF12AB54226460CA4EC4A51 /* iTunesArtwork@2x.png */ = {isa = PBXFileReference; lastKnownFileType = image.png; name = "iTunesArtwork@2x.png"; path = "autolock/Resources/iTunesArtwork@2x.png"; sourceTree = "<group>"; };
		5069201397B345EEBA28D08A /* icon@2x.png */ = {isa = PBXFileReference; lastKnownFileType = image.png; name = "icon@2x.png"; path = "autolock/Resources/icon@2x.png"; sourceTree = "<group>"; };
		524EA5B61F5B4F2DA6DF372E /* bg_login.jpg */ = {isa = PBXFileReference; fileEncoding = 4; lastKnownFileType = unknown; name = bg_login.jpg; path = autolock/Resources/bg_login.jpg; sourceTree = "<group>"; };
		52A503DACAF445E786EEF27F /* delete@3x.png */ = {isa = PBXFileReference; lastKnownFileType = image.png; name = "delete@3x.png"; path = "autolock/Resources/delete@3x.png"; sourceTree = "<group>"; };
		558D614AED8E466480C0C0A2 /* pear.png */ = {isa = PBXFileReference; lastKnownFileType = image.png; name = pear.png; path = autolock/Resources/pear.png; sourceTree = "<group>"; };
		5F3FC5A02C494B849C1201A3 /* logo_login@2x.png */ = {isa = PBXFileReference; lastKnownFileType = image.png; name = "logo_login@2x.png"; path = "autolock/Resources/logo_login@2x.png"; sourceTree = "<group>"; };
		5FEC9AD8CEC04A6AAD6C7FC4 /* bg_login@2x.jpg */ = {isa = PBXFileReference; fileEncoding = 4; lastKnownFileType = unknown; name = "bg_login@2x.jpg"; path = "autolock/Resources/bg_login@2x.jpg"; sourceTree = "<group>"; };
		608B13BD8180496DB985ACC3 /* GoogleService-Info.plist */ = {isa = PBXFileReference; fileEncoding = 4; lastKnownFileType = unknown; name = "GoogleService-Info.plist"; path = "autolock/Resources/GoogleService-Info.plist"; sourceTree = "<group>"; };
		64B375FF636F43B78D173933 /* TNSWidgets.framework */ = {isa = PBXFileReference; lastKnownFileType = wrapper.framework; name = TNSWidgets.framework; path = "$(SRCROOT)/../../node_modules/tns-core-modules-widgets/platforms/ios/TNSWidgets.framework"; sourceTree = "<group>"; };
		65CBF728BF474779AD093590 /* recent@2x.png */ = {isa = PBXFileReference; lastKnownFileType = image.png; name = "recent@2x.png"; path = "autolock/Resources/recent@2x.png"; sourceTree = "<group>"; };
		6F6CDF1C6B6A493E86B8353B /* unchecked.png */ = {isa = PBXFileReference; lastKnownFileType = image.png; name = unchecked.png; path = autolock/Resources/unchecked.png; sourceTree = "<group>"; };
		74678CD56AC64A93A1E9FE77 /* build.xcconfig */ = {isa = PBXFileReference; fileEncoding = 4; lastKnownFileType = unknown; name = build.xcconfig; path = autolock/Resources/build.xcconfig; sourceTree = "<group>"; };
		754B5468CD2A488C839A1CA9 /* apple.png */ = {isa = PBXFileReference; lastKnownFileType = image.png; name = apple.png; path = autolock/Resources/apple.png; sourceTree = "<group>"; };
		7ED41D3707634C75856238A2 /* logo_login.png */ = {isa = PBXFileReference; lastKnownFileType = image.png; name = logo_login.png; path = autolock/Resources/logo_login.png; sourceTree = "<group>"; };
		83C53D396420451D8A073DAF /* Icon-Small-50@2x.png */ = {isa = PBXFileReference; lastKnownFileType = image.png; name = "Icon-Small-50@2x.png"; path = "autolock/Resources/Icon-Small-50@2x.png"; sourceTree = "<group>"; };
		858B832E18CA111C00AB12DE /* autolock.app */ = {isa = PBXFileReference; explicitFileType = wrapper.application; includeInIndex = 0; path = autolock.app; sourceTree = BUILT_PRODUCTS_DIR; };
		858B833918CA111C00AB12DE /* autolock-Info.plist */ = {isa = PBXFileReference; lastKnownFileType = text.plist.xml; path = "autolock-Info.plist"; sourceTree = "<group>"; };
		858B833B18CA111C00AB12DE /* en */ = {isa = PBXFileReference; lastKnownFileType = text.plist.strings; name = en; path = en.lproj/InfoPlist.strings; sourceTree = "<group>"; };
		858B833F18CA111C00AB12DE /* autolock-Prefix.pch */ = {isa = PBXFileReference; lastKnownFileType = sourcecode.c.h; path = "autolock-Prefix.pch"; sourceTree = "<group>"; };
		858B843318CA22B800AB12DE /* autolock.app */ = {isa = PBXFileReference; explicitFileType = wrapper.application; includeInIndex = 0; path = autolock.app; sourceTree = BUILT_PRODUCTS_DIR; };
		86BD37B677B3445C81B000AA /* unchecked@3x.png */ = {isa = PBXFileReference; lastKnownFileType = image.png; name = "unchecked@3x.png"; path = "autolock/Resources/unchecked@3x.png"; sourceTree = "<group>"; };
		8786B9C4ED1A4728B906ED41 /* recent@3x.png */ = {isa = PBXFileReference; lastKnownFileType = image.png; name = "recent@3x.png"; path = "autolock/Resources/recent@3x.png"; sourceTree = "<group>"; };
		8A945521835B40F99376F8AB /* icon-72.png */ = {isa = PBXFileReference; lastKnownFileType = image.png; name = "icon-72.png"; path = "autolock/Resources/icon-72.png"; sourceTree = "<group>"; };
		8B86FFD7B0224B1CBB8709B6 /* checked_white.png */ = {isa = PBXFileReference; lastKnownFileType = image.png; name = checked_white.png; path = autolock/Resources/checked_white.png; sourceTree = "<group>"; };
		8D5A82E1FE8B452ABE3CE638 /* add@3x.png */ = {isa = PBXFileReference; lastKnownFileType = image.png; name = "add@3x.png"; path = "autolock/Resources/add@3x.png"; sourceTree = "<group>"; };
		8FE3A926EE234B43AD879BBE /* selected@2x.png */ = {isa = PBXFileReference; lastKnownFileType = image.png; name = "selected@2x.png"; path = "autolock/Resources/selected@2x.png"; sourceTree = "<group>"; };
		90D1D1BBB323443B99D4EBEE /* pear@3x.png */ = {isa = PBXFileReference; lastKnownFileType = image.png; name = "pear@3x.png"; path = "autolock/Resources/pear@3x.png"; sourceTree = "<group>"; };
		93620121A51F47B9A9D91355 /* Assets.xcassets */ = {isa = PBXFileReference; fileEncoding = 4; lastKnownFileType = unknown; name = Assets.xcassets; path = autolock/Resources/Assets.xcassets; sourceTree = "<group>"; };
		97277960035D4C9DAB45DC26 /* nonselected@2x.png */ = {isa = PBXFileReference; lastKnownFileType = image.png; name = "nonselected@2x.png"; path = "autolock/Resources/nonselected@2x.png"; sourceTree = "<group>"; };
		9D5C3D2728844ADFADE82EAA /* logo_signup.png */ = {isa = PBXFileReference; lastKnownFileType = image.png; name = logo_signup.png; path = autolock/Resources/logo_signup.png; sourceTree = "<group>"; };
		9E32BCB1407E4F4C9AD5EC54 /* add@2x.png */ = {isa = PBXFileReference; lastKnownFileType = image.png; name = "add@2x.png"; path = "autolock/Resources/add@2x.png"; sourceTree = "<group>"; };
		A01C44DB23684F94963666CB /* recent.png */ = {isa = PBXFileReference; lastKnownFileType = image.png; name = recent.png; path = autolock/Resources/recent.png; sourceTree = "<group>"; };
		A39887BB8AC94A28B3EB374B /* checked_white@2x.png */ = {isa = PBXFileReference; lastKnownFileType = image.png; name = "checked_white@2x.png"; path = "autolock/Resources/checked_white@2x.png"; sourceTree = "<group>"; };
		A5F70EF450644DCC82E72D78 /* Icon-Small.png */ = {isa = PBXFileReference; lastKnownFileType = image.png; name = "Icon-Small.png"; path = "autolock/Resources/Icon-Small.png"; sourceTree = "<group>"; };
		A8C799D57DED4C5B972671B6 /* banana@3x.png */ = {isa = PBXFileReference; lastKnownFileType = image.png; name = "banana@3x.png"; path = "autolock/Resources/banana@3x.png"; sourceTree = "<group>"; };
		A976FF9B817E4B259B00BEF7 /* Icon-Small-40@2x.png */ = {isa = PBXFileReference; lastKnownFileType = image.png; name = "Icon-Small-40@2x.png"; path = "autolock/Resources/Icon-Small-40@2x.png"; sourceTree = "<group>"; };
		AFC4AB4D2C6D41BEA8D28FD2 /* TSBackgroundFetch.framework */ = {isa = PBXFileReference; lastKnownFileType = wrapper.framework; name = TSBackgroundFetch.framework; path = "$(SRCROOT)/../../node_modules/nativescript-background-fetch/platforms/ios/TSBackgroundFetch.framework"; sourceTree = "<group>"; };
		B0F1D471AA124AB7821DDE7C /* Icon-Small@2x.png */ = {isa = PBXFileReference; lastKnownFileType = image.png; name = "Icon-Small@2x.png"; path = "autolock/Resources/Icon-Small@2x.png"; sourceTree = "<group>"; };
		B164F698956D45AA81AB05BC /* checked.png */ = {isa = PBXFileReference; lastKnownFileType = image.png; name = checked.png; path = autolock/Resources/checked.png; sourceTree = "<group>"; };
		B23B9DF37BBF4922B3CB5E8B /* pear@2x.png */ = {isa = PBXFileReference; lastKnownFileType = image.png; name = "pear@2x.png"; path = "autolock/Resources/pear@2x.png"; sourceTree = "<group>"; };
		BC3ADD92133C4351942CDFD4 /* add.png */ = {isa = PBXFileReference; lastKnownFileType = image.png; name = add.png; path = autolock/Resources/add.png; sourceTree = "<group>"; };
		BC66D2BE05174B1CB9F515FB /* icon.png */ = {isa = PBXFileReference; lastKnownFileType = image.png; name = icon.png; path = autolock/Resources/icon.png; sourceTree = "<group>"; };
		BD92211B7DC849958015AAA6 /* banana.png */ = {isa = PBXFileReference; lastKnownFileType = image.png; name = banana.png; path = autolock/Resources/banana.png; sourceTree = "<group>"; };
		C4511D94980E4019AD55F027 /* checked@2x.png */ = {isa = PBXFileReference; lastKnownFileType = image.png; name = "checked@2x.png"; path = "autolock/Resources/checked@2x.png"; sourceTree = "<group>"; };
		C51963EA44D44CD0AB8626BC /* icon-60.png */ = {isa = PBXFileReference; lastKnownFileType = image.png; name = "icon-60.png"; path = "autolock/Resources/icon-60.png"; sourceTree = "<group>"; };
		C583663265E74F85901ADE22 /* icon-76@2x.png */ = {isa = PBXFileReference; lastKnownFileType = image.png; name = "icon-76@2x.png"; path = "autolock/Resources/icon-76@2x.png"; sourceTree = "<group>"; };
		C64460A56A8147BE9818E5A2 /* delete.png */ = {isa = PBXFileReference; lastKnownFileType = image.png; name = delete.png; path = autolock/Resources/delete.png; sourceTree = "<group>"; };
		C92D9CE0BCF94452AC16D1F6 /* menu.png */ = {isa = PBXFileReference; lastKnownFileType = image.png; name = menu.png; path = autolock/Resources/menu.png; sourceTree = "<group>"; };
		C99CE85DB9C6497BB1D00416 /* icon-76.png */ = {isa = PBXFileReference; lastKnownFileType = image.png; name = "icon-76.png"; path = "autolock/Resources/icon-76.png"; sourceTree = "<group>"; };
		CB7FF244061947038D8083C0 /* checked@3x.png */ = {isa = PBXFileReference; lastKnownFileType = image.png; name = "checked@3x.png"; path = "autolock/Resources/checked@3x.png"; sourceTree = "<group>"; };
		CD45EE7A18DC2D5800FB50C0 /* app */ = {isa = PBXFileReference; lastKnownFileType = folder; path = app; sourceTree = "<group>"; };
		CD62955C1BB2678900AE3A93 /* main.m */ = {isa = PBXFileReference; fileEncoding = 4; lastKnownFileType = sourcecode.c.objc; name = main.m; path = internal/main.m; sourceTree = SOURCE_ROOT; };
		CDD59A261BB43B5D00EC2671 /* build-debug.xcconfig */ = {isa = PBXFileReference; fileEncoding = 4; lastKnownFileType = text.xcconfig; path = "build-debug.xcconfig"; sourceTree = "<group>"; };
		CDD59A271BB43B5D00EC2671 /* build-release.xcconfig */ = {isa = PBXFileReference; fileEncoding = 4; lastKnownFileType = text.xcconfig; path = "build-release.xcconfig"; sourceTree = "<group>"; };
		CDF4743E1BA4855C0087EA85 /* build.xcconfig */ = {isa = PBXFileReference; fileEncoding = 4; lastKnownFileType = text.xcconfig; path = build.xcconfig; sourceTree = "<group>"; };
		CF0E80A0348C42C49FF5758E /* Icon-Small-40@3x.png */ = {isa = PBXFileReference; lastKnownFileType = image.png; name = "Icon-Small-40@3x.png"; path = "autolock/Resources/Icon-Small-40@3x.png"; sourceTree = "<group>"; };
		D0463050C4544BF08848F6EA /* unchecked_white@3x.png */ = {isa = PBXFileReference; lastKnownFileType = image.png; name = "unchecked_white@3x.png"; path = "autolock/Resources/unchecked_white@3x.png"; sourceTree = "<group>"; };
		D1F9C57D8A414057BB5B34BE /* bg_login@3x.jpg */ = {isa = PBXFileReference; fileEncoding = 4; lastKnownFileType = unknown; name = "bg_login@3x.jpg"; path = "autolock/Resources/bg_login@3x.jpg"; sourceTree = "<group>"; };
		D69A713F19CE43258ECDA37F /* icon-60@2x.png */ = {isa = PBXFileReference; lastKnownFileType = image.png; name = "icon-60@2x.png"; path = "autolock/Resources/icon-60@2x.png"; sourceTree = "<group>"; };
		E2BC27C2A672F2E457F748F4 /* Pods_autolock.framework */ = {isa = PBXFileReference; explicitFileType = wrapper.framework; includeInIndex = 0; path = Pods_autolock.framework; sourceTree = BUILT_PRODUCTS_DIR; };
		EBB16CBCB18F444D91446462 /* bg_inner.jpg */ = {isa = PBXFileReference; fileEncoding = 4; lastKnownFileType = unknown; name = bg_inner.jpg; path = autolock/Resources/bg_inner.jpg; sourceTree = "<group>"; };
		EEF075D056F14AE8BFBB4A33 /* LaunchScreen.storyboard */ = {isa = PBXFileReference; fileEncoding = 4; lastKnownFileType = unknown; name = LaunchScreen.storyboard; path = autolock/Resources/LaunchScreen.storyboard; sourceTree = "<group>"; };
		F18C7515D78D4E63956F8429 /* selected@3x.png */ = {isa = PBXFileReference; lastKnownFileType = image.png; name = "selected@3x.png"; path = "autolock/Resources/selected@3x.png"; sourceTree = "<group>"; };
		F392FF63FA174AAD8A2106BF /* Icon-60@3x.png */ = {isa = PBXFileReference; lastKnownFileType = image.png; name = "Icon-60@3x.png"; path = "autolock/Resources/Icon-60@3x.png"; sourceTree = "<group>"; };
		F9BDEA2C806C4227BB9AC8B9 /* TSLocationManager.framework */ = {isa = PBXFileReference; lastKnownFileType = wrapper.framework; name = TSLocationManager.framework; path = "$(SRCROOT)/../../node_modules/nativescript-background-geolocation-lt/platforms/ios/TSLocationManager.framework"; sourceTree = "<group>"; };
		FA6407A0246A4209B35A3A72 /* menu@2x.png */ = {isa = PBXFileReference; lastKnownFileType = image.png; name = "menu@2x.png"; path = "autolock/Resources/menu@2x.png"; sourceTree = "<group>"; };
		FAE0DBD36F654A63957DA356 /* apple@3x.png */ = {isa = PBXFileReference; lastKnownFileType = image.png; name = "apple@3x.png"; path = "autolock/Resources/apple@3x.png"; sourceTree = "<group>"; };
/* End PBXFileReference section */

/* Begin PBXFrameworksBuildPhase section */
		858B83F418CA22B800AB12DE /* Frameworks */ = {
			isa = PBXFrameworksBuildPhase;
			buildActionMask = 2147483647;
			files = (
				1CA764EF75844F7DB9FE8662 /* TNSWidgets.framework in Frameworks */,
				912629B42EA4987DA786548E /* Pods_autolock.framework in Frameworks */,
				84F8F73133C147F6959706D4 /* TSLocationManager.framework in Frameworks */,
				F0C7F7E052AC4C45942D78C1 /* TSBackgroundFetch.framework in Frameworks */,
			);
			runOnlyForDeploymentPostprocessing = 0;
		};
/* End PBXFrameworksBuildPhase section */

/* Begin PBXGroup section */
		858B832518CA111C00AB12DE = {
			isa = PBXGroup;
			children = (
				E070579D1B39A9D000214BF1 /* Resources */,
				858B833718CA111C00AB12DE /* autolock */,
				858B833018CA111C00AB12DE /* Frameworks */,
				858B832F18CA111C00AB12DE /* Products */,
				FA3612E1F5CB12B814391714 /* Pods */,
			);
			sourceTree = "<group>";
		};
		858B832F18CA111C00AB12DE /* Products */ = {
			isa = PBXGroup;
			children = (
				858B832E18CA111C00AB12DE /* autolock.app */,
				858B843318CA22B800AB12DE /* autolock.app */,
			);
			name = Products;
			sourceTree = "<group>";
		};
		858B833018CA111C00AB12DE /* Frameworks */ = {
			isa = PBXGroup;
			children = (
				64B375FF636F43B78D173933 /* TNSWidgets.framework */,
				E2BC27C2A672F2E457F748F4 /* Pods_autolock.framework */,
				F9BDEA2C806C4227BB9AC8B9 /* TSLocationManager.framework */,
				AFC4AB4D2C6D41BEA8D28FD2 /* TSBackgroundFetch.framework */,
			);
			name = Frameworks;
			sourceTree = "<group>";
		};
		858B833718CA111C00AB12DE /* autolock */ = {
			isa = PBXGroup;
			children = (
				CD45EE7A18DC2D5800FB50C0 /* app */,
				858B833818CA111C00AB12DE /* Supporting Files */,
			);
			path = autolock;
			sourceTree = "<group>";
		};
		858B833818CA111C00AB12DE /* Supporting Files */ = {
			isa = PBXGroup;
			children = (
				CDF4743E1BA4855C0087EA85 /* build.xcconfig */,
				CDD59A261BB43B5D00EC2671 /* build-debug.xcconfig */,
				CDD59A271BB43B5D00EC2671 /* build-release.xcconfig */,
				858B833918CA111C00AB12DE /* autolock-Info.plist */,
				858B833A18CA111C00AB12DE /* InfoPlist.strings */,
				CD62955C1BB2678900AE3A93 /* main.m */,
				858B833F18CA111C00AB12DE /* autolock-Prefix.pch */,
			);
			name = "Supporting Files";
			sourceTree = "<group>";
		};
		E070579D1B39A9D000214BF1 /* Resources */ = {
			isa = PBXGroup;
			children = (
				93620121A51F47B9A9D91355 /* Assets.xcassets */,
				608B13BD8180496DB985ACC3 /* GoogleService-Info.plist */,
				F392FF63FA174AAD8A2106BF /* Icon-60@3x.png */,
				2ED0CC4960E1431A843AC0B9 /* Icon-Small-40.png */,
				A976FF9B817E4B259B00BEF7 /* Icon-Small-40@2x.png */,
				CF0E80A0348C42C49FF5758E /* Icon-Small-40@3x.png */,
				4A4D9E1FDAC345FE966FBD0B /* Icon-Small-50.png */,
				83C53D396420451D8A073DAF /* Icon-Small-50@2x.png */,
				A5F70EF450644DCC82E72D78 /* Icon-Small.png */,
				B0F1D471AA124AB7821DDE7C /* Icon-Small@2x.png */,
				0DCB7082441D4752AFE9DE3A /* Icon-Small@3x.png */,
				EEF075D056F14AE8BFBB4A33 /* LaunchScreen.storyboard */,
				BC3ADD92133C4351942CDFD4 /* add.png */,
				9E32BCB1407E4F4C9AD5EC54 /* add@2x.png */,
				8D5A82E1FE8B452ABE3CE638 /* add@3x.png */,
				754B5468CD2A488C839A1CA9 /* apple.png */,
				4D32978468E64B0FBF77E7BE /* apple@2x.png */,
				FAE0DBD36F654A63957DA356 /* apple@3x.png */,
				BD92211B7DC849958015AAA6 /* banana.png */,
				21EA9C95B2354A1C99559465 /* banana@2x.png */,
				A8C799D57DED4C5B972671B6 /* banana@3x.png */,
				EBB16CBCB18F444D91446462 /* bg_inner.jpg */,
				1EB59F5A55024A4EB14DB19C /* bg_inner@2x.jpg */,
				28E464056A4F42D29A92D4FC /* bg_inner@3x.jpg */,
				524EA5B61F5B4F2DA6DF372E /* bg_login.jpg */,
				5FEC9AD8CEC04A6AAD6C7FC4 /* bg_login@2x.jpg */,
				D1F9C57D8A414057BB5B34BE /* bg_login@3x.jpg */,
				74678CD56AC64A93A1E9FE77 /* build.xcconfig */,
				B164F698956D45AA81AB05BC /* checked.png */,
				C4511D94980E4019AD55F027 /* checked@2x.png */,
				CB7FF244061947038D8083C0 /* checked@3x.png */,
				8B86FFD7B0224B1CBB8709B6 /* checked_white.png */,
				A39887BB8AC94A28B3EB374B /* checked_white@2x.png */,
				3A81F61A2DF5441DAE61CC58 /* checked_white@3x.png */,
				C64460A56A8147BE9818E5A2 /* delete.png */,
				070AD09791D342739172B754 /* delete@2x.png */,
				52A503DACAF445E786EEF27F /* delete@3x.png */,
				4EF12AB54226460CA4EC4A51 /* iTunesArtwork@2x.png */,
				C51963EA44D44CD0AB8626BC /* icon-60.png */,
				D69A713F19CE43258ECDA37F /* icon-60@2x.png */,
				8A945521835B40F99376F8AB /* icon-72.png */,
				32DC0DC900C74B7280608DD0 /* icon-72@2x.png */,
				C99CE85DB9C6497BB1D00416 /* icon-76.png */,
				C583663265E74F85901ADE22 /* icon-76@2x.png */,
				BC66D2BE05174B1CB9F515FB /* icon.png */,
				5069201397B345EEBA28D08A /* icon@2x.png */,
				7ED41D3707634C75856238A2 /* logo_login.png */,
				5F3FC5A02C494B849C1201A3 /* logo_login@2x.png */,
				0E16BE385073469EA0A36564 /* logo_login@3x.png */,
				9D5C3D2728844ADFADE82EAA /* logo_signup.png */,
				2FB047C8C7F34360A173085A /* logo_signup@2x.png */,
				47CE1FA8950944249B80675C /* logo_signup@3x.png */,
				C92D9CE0BCF94452AC16D1F6 /* menu.png */,
				FA6407A0246A4209B35A3A72 /* menu@2x.png */,
				4AC7BEC09C0A4AA8AE6ACFEA /* menu@3x.png */,
				3B7C6DB26CFA43F3AD66B962 /* nonselected.png */,
				97277960035D4C9DAB45DC26 /* nonselected@2x.png */,
				303F1EFDEFC34A34BE2B6A9B /* nonselected@3x.png */,
				558D614AED8E466480C0C0A2 /* pear.png */,
				B23B9DF37BBF4922B3CB5E8B /* pear@2x.png */,
				90D1D1BBB323443B99D4EBEE /* pear@3x.png */,
				A01C44DB23684F94963666CB /* recent.png */,
				65CBF728BF474779AD093590 /* recent@2x.png */,
				8786B9C4ED1A4728B906ED41 /* recent@3x.png */,
				0C8683AF00AE4B4C8773FDBB /* selected.png */,
				8FE3A926EE234B43AD879BBE /* selected@2x.png */,
				F18C7515D78D4E63956F8429 /* selected@3x.png */,
				6F6CDF1C6B6A493E86B8353B /* unchecked.png */,
				2B391181EB854E40B19F1B26 /* unchecked@2x.png */,
				86BD37B677B3445C81B000AA /* unchecked@3x.png */,
				0A85757A32A5441BBCF7895A /* unchecked_white.png */,
				09D3584219D949D995E7723C /* unchecked_white@2x.png */,
				D0463050C4544BF08848F6EA /* unchecked_white@3x.png */,
			);
			name = Resources;
			sourceTree = "<group>";
		};
		FA3612E1F5CB12B814391714 /* Pods */ = {
			isa = PBXGroup;
			children = (
			);
			name = Pods;
			sourceTree = "<group>";
		};
/* End PBXGroup section */

/* Begin PBXNativeTarget section */
		858B83EF18CA22B800AB12DE /* autolock */ = {
			isa = PBXNativeTarget;
			buildConfigurationList = 858B843018CA22B800AB12DE /* Build configuration list for PBXNativeTarget "autolock" */;
			buildPhases = (
				4A1774603D28454F05058BD3 /* [CP] Check Pods Manifest.lock */,
				C97FD7AC1ADE5369004DB2A4 /* NativeScript PreBuild */,
				858B83F218CA22B800AB12DE /* Sources */,
				CD62955B1BB2651D00AE3A93 /* NativeScript PreLink */,
				858B83F418CA22B800AB12DE /* Frameworks */,
				858B842C18CA22B800AB12DE /* Resources */,
				85F5BDFC1A9363BE006B9701 /* Embed Frameworks */,
				CD3EAD351B05FF060042DBFC /* NativeScript PostBuild */,
				D3C564A37C34C17B3F487CD4 /* [CP] Embed Pods Frameworks */,
				94085E57C9FC05A4CC6D44EA /* [CP] Copy Pods Resources */,
			);
			buildRules = (
			);
			dependencies = (
			);
			name = autolock;
			productName = JDBridgeApp;
			productReference = 858B843318CA22B800AB12DE /* autolock.app */;
			productType = "com.apple.product-type.application";
		};
/* End PBXNativeTarget section */

/* Begin PBXProject section */
		858B832618CA111C00AB12DE /* Project object */ = {
			isa = PBXProject;
			attributes = {
				CLASSPREFIX = TNS;
				LastUpgradeCheck = 500;
				ORGANIZATIONNAME = Telerik;
			};
			buildConfigurationList = 858B832918CA111C00AB12DE /* Build configuration list for PBXProject "autolock" */;
			compatibilityVersion = "Xcode 3.2";
			developmentRegion = English;
			hasScannedForEncodings = 0;
			knownRegions = (
				en,
			);
			mainGroup = 858B832518CA111C00AB12DE;
			productRefGroup = 858B832F18CA111C00AB12DE /* Products */;
			projectDirPath = "";
			projectRoot = "";
			targets = (
				858B83EF18CA22B800AB12DE /* autolock */,
			);
		};
/* End PBXProject section */

/* Begin PBXResourcesBuildPhase section */
		858B842C18CA22B800AB12DE /* Resources */ = {
			isa = PBXResourcesBuildPhase;
			buildActionMask = 2147483647;
			files = (
				CD45EE7C18DC2D5800FB50C0 /* app in Resources */,
				858B842D18CA22B800AB12DE /* InfoPlist.strings in Resources */,
				2D22857C0F5643C3BB46154C /* Assets.xcassets in Resources */,
				870D1361FD9D4FCEBDA870E6 /* GoogleService-Info.plist in Resources */,
				7ED0BE77C32D498EA512E711 /* Icon-60@3x.png in Resources */,
				19FEC9478CDA43B8B3B9023E /* Icon-Small-40.png in Resources */,
				0EFEE8964EA744528F037D2D /* Icon-Small-40@2x.png in Resources */,
				6AA483A0D77D428098824164 /* Icon-Small-40@3x.png in Resources */,
				52D3B28D73604F71BE2136E0 /* Icon-Small-50.png in Resources */,
				11983BA740F34D4E9271F96D /* Icon-Small-50@2x.png in Resources */,
				02DC2BD666AA4D1DAA5691DC /* Icon-Small.png in Resources */,
				5A740F9F1EE7499CAEE192AF /* Icon-Small@2x.png in Resources */,
				32BAE9BAF76A4F38A382ABCE /* Icon-Small@3x.png in Resources */,
				A097632743B944F3995605D9 /* LaunchScreen.storyboard in Resources */,
				BA528F978D70452DBAE3A832 /* add.png in Resources */,
				A3F3CE8807AC4064B062D538 /* add@2x.png in Resources */,
				25556B2B55E345CDAE83EB99 /* add@3x.png in Resources */,
				DE5F1FDF4A264DAC8C3963A1 /* apple.png in Resources */,
				3FAF3263311347D4ACAC132B /* apple@2x.png in Resources */,
				F3670D30B095414EBE3BBD11 /* apple@3x.png in Resources */,
				E5F905C287B44B6882951FFE /* banana.png in Resources */,
				1B6B0270AA264A7FB51B060C /* banana@2x.png in Resources */,
				98A0CA01B11E42E79D12540B /* banana@3x.png in Resources */,
				2200D295CFF84CA88C8B2F9A /* bg_inner.jpg in Resources */,
				C5DE6DFB66204C47B71AAEC8 /* bg_inner@2x.jpg in Resources */,
				205E9FBDE1F446E6898ADA7F /* bg_inner@3x.jpg in Resources */,
				21B5E281256A4E418174485F /* bg_login.jpg in Resources */,
				8CCACE46A4FC460E9D42AA0B /* bg_login@2x.jpg in Resources */,
				1E781402E3FF404183F46A79 /* bg_login@3x.jpg in Resources */,
				99A8D90F82AC4D19B24D8C48 /* build.xcconfig in Resources */,
				7EE7267F85F24E179BBCB24E /* checked.png in Resources */,
				06597A4745684BB282E9874E /* checked@2x.png in Resources */,
				DB2A2C34EC934C40A4629368 /* checked@3x.png in Resources */,
				93527EF7FAAD4EB1878F125F /* checked_white.png in Resources */,
				D2C9856675B148C3886F0036 /* checked_white@2x.png in Resources */,
				8EAC07A711634BBEBA135299 /* checked_white@3x.png in Resources */,
				36738C47F25B41D49445372D /* delete.png in Resources */,
				8FBB00EC247A4D078352B0E0 /* delete@2x.png in Resources */,
				CB00B3EF2B824870B22EFEE7 /* delete@3x.png in Resources */,
				484E3F1F04FA49788E841F54 /* iTunesArtwork@2x.png in Resources */,
				BA2B54C3165A4327B01501E1 /* icon-60.png in Resources */,
				92C9F22A7A5744FCBB1C8B0F /* icon-60@2x.png in Resources */,
				99586AF7C53F4363AD95256E /* icon-72.png in Resources */,
				30C54D830AAE449880E66663 /* icon-72@2x.png in Resources */,
				675C345AA3EE4B06A14E2644 /* icon-76.png in Resources */,
				DC84BEEF1C474D758C4F6F8C /* icon-76@2x.png in Resources */,
				6181B09263764B81A4BD27F2 /* icon.png in Resources */,
				C5FFE58FC5094EE3939A403E /* icon@2x.png in Resources */,
				87E1E037C5384AE2AB7FC2AD /* logo_login.png in Resources */,
				5C1985326DD6401BAF24D1AE /* logo_login@2x.png in Resources */,
				C30A5832524D484F866786EE /* logo_login@3x.png in Resources */,
				5B952BCC82FA4FDEBB7491A4 /* logo_signup.png in Resources */,
				A3F3921C74F14F3497CEE4E7 /* logo_signup@2x.png in Resources */,
				FFF968C8C7EE40C69064E242 /* logo_signup@3x.png in Resources */,
				7BAB8E9952FE452EBD54EC07 /* menu.png in Resources */,
				6A675237050D414EA6EB86BB /* menu@2x.png in Resources */,
				4487814D59FF402185C2EC85 /* menu@3x.png in Resources */,
				280ECCAE91B54E23BD4AED9F /* nonselected.png in Resources */,
				1D097271A18D4616900C95BC /* nonselected@2x.png in Resources */,
				FD2F61EDAE3D4024B1AE333A /* nonselected@3x.png in Resources */,
				85EB5E687178483DB0EA5D0F /* pear.png in Resources */,
				CF03B4F777C945D6A2A3185B /* pear@2x.png in Resources */,
				765A74C7DAE44D5DB0E94ADB /* pear@3x.png in Resources */,
				7A6C569AEF514261B0266BF3 /* recent.png in Resources */,
				D74BCE7836DB48D080325261 /* recent@2x.png in Resources */,
				82BA103D954C4B8CBF1706CF /* recent@3x.png in Resources */,
				66FE5064105247599915D3EE /* selected.png in Resources */,
				15A9FDD4DB754BC5964E99FD /* selected@2x.png in Resources */,
				82167FDF77E34F5BAA7B79DD /* selected@3x.png in Resources */,
				69D0442075AE42F3B4BD5789 /* unchecked.png in Resources */,
				EBE88C404B6A4D6AAC0BC8F7 /* unchecked@2x.png in Resources */,
				CB598997601C4C2CAFF644AC /* unchecked@3x.png in Resources */,
				A8255E84A18B4332A5F9F396 /* unchecked_white.png in Resources */,
				7883D454F8164EA184645329 /* unchecked_white@2x.png in Resources */,
				D1F93E11EBA74D1084651829 /* unchecked_white@3x.png in Resources */,
			);
			runOnlyForDeploymentPostprocessing = 0;
		};
/* End PBXResourcesBuildPhase section */

/* Begin PBXShellScriptBuildPhase section */
		4A1774603D28454F05058BD3 /* [CP] Check Pods Manifest.lock */ = {
			isa = PBXShellScriptBuildPhase;
			buildActionMask = 2147483647;
			files = (
			);
			inputPaths = (
				"${PODS_PODFILE_DIR_PATH}/Podfile.lock",
				"${PODS_ROOT}/Manifest.lock",
			);
			name = "[CP] Check Pods Manifest.lock";
			outputPaths = (
				"$(DERIVED_FILE_DIR)/Pods-autolock-checkManifestLockResult.txt",
			);
			runOnlyForDeploymentPostprocessing = 0;
			shellPath = /bin/sh;
			shellScript = "diff \"${PODS_PODFILE_DIR_PATH}/Podfile.lock\" \"${PODS_ROOT}/Manifest.lock\" > /dev/null\nif [ $? != 0 ] ; then\n    # print error to STDERR\n    echo \"error: The sandbox is not in sync with the Podfile.lock. Run 'pod install' or update your CocoaPods installation.\" >&2\n    exit 1\nfi\n# This output is used by Xcode 'outputs' to avoid re-running this script phase.\necho \"SUCCESS\" > \"${SCRIPT_OUTPUT_FILE_0}\"\n";
			showEnvVarsInLog = 0;
		};
		94085E57C9FC05A4CC6D44EA /* [CP] Copy Pods Resources */ = {
			isa = PBXShellScriptBuildPhase;
			buildActionMask = 2147483647;
			files = (
			);
			inputPaths = (
				"${SRCROOT}/Pods/Target Support Files/Pods-autolock/Pods-autolock-resources.sh",
				"${PODS_ROOT}/GoogleMaps/Maps/Frameworks/GoogleMaps.framework/Resources/GoogleMaps.bundle",
			);
			name = "[CP] Copy Pods Resources";
			outputPaths = (
				"${TARGET_BUILD_DIR}/${UNLOCALIZED_RESOURCES_FOLDER_PATH}/GoogleMaps.bundle",
			);
			runOnlyForDeploymentPostprocessing = 0;
			shellPath = /bin/sh;
			shellScript = "\"${SRCROOT}/Pods/Target Support Files/Pods-autolock/Pods-autolock-resources.sh\"\n";
			showEnvVarsInLog = 0;
		};
		C97FD7AC1ADE5369004DB2A4 /* NativeScript PreBuild */ = {
			isa = PBXShellScriptBuildPhase;
			buildActionMask = 2147483647;
			files = (
			);
			inputPaths = (
			);
			name = "NativeScript PreBuild";
			outputPaths = (
			);
			runOnlyForDeploymentPostprocessing = 0;
			shellPath = /bin/sh;
			shellScript = "\"$SRCROOT/internal/nativescript-pre-build\"";
			showEnvVarsInLog = 0;
		};
		CD3EAD351B05FF060042DBFC /* NativeScript PostBuild */ = {
			isa = PBXShellScriptBuildPhase;
			buildActionMask = 2147483647;
			files = (
			);
			inputPaths = (
			);
			name = "NativeScript PostBuild";
			outputPaths = (
			);
			runOnlyForDeploymentPostprocessing = 0;
			shellPath = /bin/sh;
			shellScript = "\"$SRCROOT/internal/nativescript-post-build\"";
			showEnvVarsInLog = 0;
		};
		CD62955B1BB2651D00AE3A93 /* NativeScript PreLink */ = {
			isa = PBXShellScriptBuildPhase;
			buildActionMask = 2147483647;
			files = (
			);
			inputPaths = (
			);
			name = "NativeScript PreLink";
			outputPaths = (
			);
			runOnlyForDeploymentPostprocessing = 0;
			shellPath = /bin/sh;
			shellScript = "\"$SRCROOT/internal/nativescript-pre-link\"";
			showEnvVarsInLog = 0;
		};
		D3C564A37C34C17B3F487CD4 /* [CP] Embed Pods Frameworks */ = {
			isa = PBXShellScriptBuildPhase;
			buildActionMask = 2147483647;
			files = (
			);
			inputPaths = (
				"${SRCROOT}/Pods/Target Support Files/Pods-autolock/Pods-autolock-frameworks.sh",
				"${BUILT_PRODUCTS_DIR}/CocoaLumberjack/CocoaLumberjack.framework",
				"${BUILT_PRODUCTS_DIR}/GTMSessionFetcher/GTMSessionFetcher.framework",
				"${BUILT_PRODUCTS_DIR}/GoogleToolboxForMac/GoogleToolboxForMac.framework",
				"${BUILT_PRODUCTS_DIR}/Protobuf/Protobuf.framework",
				"${BUILT_PRODUCTS_DIR}/leveldb-library/leveldb.framework",
				"${BUILT_PRODUCTS_DIR}/nanopb/nanopb.framework",
			);
			name = "[CP] Embed Pods Frameworks";
			outputPaths = (
				"${TARGET_BUILD_DIR}/${FRAMEWORKS_FOLDER_PATH}/CocoaLumberjack.framework",
				"${TARGET_BUILD_DIR}/${FRAMEWORKS_FOLDER_PATH}/GTMSessionFetcher.framework",
				"${TARGET_BUILD_DIR}/${FRAMEWORKS_FOLDER_PATH}/GoogleToolboxForMac.framework",
				"${TARGET_BUILD_DIR}/${FRAMEWORKS_FOLDER_PATH}/Protobuf.framework",
				"${TARGET_BUILD_DIR}/${FRAMEWORKS_FOLDER_PATH}/leveldb.framework",
				"${TARGET_BUILD_DIR}/${FRAMEWORKS_FOLDER_PATH}/nanopb.framework",
			);
			runOnlyForDeploymentPostprocessing = 0;
			shellPath = /bin/sh;
			shellScript = "\"${SRCROOT}/Pods/Target Support Files/Pods-autolock/Pods-autolock-frameworks.sh\"\n";
			showEnvVarsInLog = 0;
		};
/* End PBXShellScriptBuildPhase section */

/* Begin PBXSourcesBuildPhase section */
		858B83F218CA22B800AB12DE /* Sources */ = {
			isa = PBXSourcesBuildPhase;
			buildActionMask = 2147483647;
			files = (
				CD62955D1BB2678900AE3A93 /* main.m in Sources */,
			);
			runOnlyForDeploymentPostprocessing = 0;
		};
/* End PBXSourcesBuildPhase section */

/* Begin PBXVariantGroup section */
		858B833A18CA111C00AB12DE /* InfoPlist.strings */ = {
			isa = PBXVariantGroup;
			children = (
				858B833B18CA111C00AB12DE /* en */,
			);
			name = InfoPlist.strings;
			sourceTree = "<group>";
		};
/* End PBXVariantGroup section */

/* Begin XCBuildConfiguration section */
		858B835818CA111C00AB12DE /* Debug */ = {
			isa = XCBuildConfiguration;
			buildSettings = {
				ALWAYS_SEARCH_USER_PATHS = NO;
				ARCHS = "$(ARCHS_STANDARD)";
				CLANG_CXX_LANGUAGE_STANDARD = "gnu++0x";
				CLANG_CXX_LIBRARY = "libc++";
				CLANG_ENABLE_MODULES = YES;
				CLANG_ENABLE_OBJC_ARC = YES;
				CLANG_WARN_BOOL_CONVERSION = YES;
				CLANG_WARN_CONSTANT_CONVERSION = YES;
				CLANG_WARN_DIRECT_OBJC_ISA_USAGE = YES_ERROR;
				CLANG_WARN_EMPTY_BODY = YES;
				CLANG_WARN_ENUM_CONVERSION = YES;
				CLANG_WARN_INT_CONVERSION = YES;
				CLANG_WARN_OBJC_ROOT_CLASS = YES_ERROR;
				CLANG_WARN__DUPLICATE_METHOD_MATCH = YES;
				"CODE_SIGN_IDENTITY[sdk=iphoneos*]" = "iPhone Developer";
				COPY_PHASE_STRIP = NO;
				GCC_C_LANGUAGE_STANDARD = gnu99;
				GCC_DYNAMIC_NO_PIC = NO;
				GCC_OPTIMIZATION_LEVEL = 0;
				GCC_SYMBOLS_PRIVATE_EXTERN = NO;
				GCC_WARN_64_TO_32_BIT_CONVERSION = YES;
				GCC_WARN_ABOUT_RETURN_TYPE = YES_ERROR;
				GCC_WARN_UNDECLARED_SELECTOR = YES;
				GCC_WARN_UNINITIALIZED_AUTOS = YES;
				GCC_WARN_UNUSED_FUNCTION = YES;
				GCC_WARN_UNUSED_VARIABLE = YES;
				IPHONEOS_DEPLOYMENT_TARGET = 8.0;
				ONLY_ACTIVE_ARCH = YES;
				SDKROOT = iphoneos;
				TARGETED_DEVICE_FAMILY = "1,2";
				VALID_ARCHS = "armv7 arm64";
			};
			name = Debug;
		};
		858B835918CA111C00AB12DE /* Release */ = {
			isa = XCBuildConfiguration;
			buildSettings = {
				ALWAYS_SEARCH_USER_PATHS = NO;
				ARCHS = "$(ARCHS_STANDARD)";
				CLANG_CXX_LANGUAGE_STANDARD = "gnu++0x";
				CLANG_CXX_LIBRARY = "libc++";
				CLANG_ENABLE_MODULES = YES;
				CLANG_ENABLE_OBJC_ARC = YES;
				CLANG_WARN_BOOL_CONVERSION = YES;
				CLANG_WARN_CONSTANT_CONVERSION = YES;
				CLANG_WARN_DIRECT_OBJC_ISA_USAGE = YES_ERROR;
				CLANG_WARN_EMPTY_BODY = YES;
				CLANG_WARN_ENUM_CONVERSION = YES;
				CLANG_WARN_INT_CONVERSION = YES;
				CLANG_WARN_OBJC_ROOT_CLASS = YES_ERROR;
				CLANG_WARN__DUPLICATE_METHOD_MATCH = YES;
				"CODE_SIGN_IDENTITY[sdk=iphoneos*]" = "iPhone Developer";
				COPY_PHASE_STRIP = YES;
				ENABLE_NS_ASSERTIONS = NO;
				GCC_C_LANGUAGE_STANDARD = gnu99;
				GCC_WARN_64_TO_32_BIT_CONVERSION = YES;
				GCC_WARN_ABOUT_RETURN_TYPE = YES_ERROR;
				GCC_WARN_UNDECLARED_SELECTOR = YES;
				GCC_WARN_UNINITIALIZED_AUTOS = YES;
				GCC_WARN_UNUSED_FUNCTION = YES;
				GCC_WARN_UNUSED_VARIABLE = YES;
				IPHONEOS_DEPLOYMENT_TARGET = 8.0;
				SDKROOT = iphoneos;
				TARGETED_DEVICE_FAMILY = "1,2";
				VALIDATE_PRODUCT = YES;
				VALID_ARCHS = "armv7 arm64";
			};
			name = Release;
		};
		858B843118CA22B800AB12DE /* Debug */ = {
			isa = XCBuildConfiguration;
			baseConfigurationReference = CDD59A261BB43B5D00EC2671 /* build-debug.xcconfig */;
			buildSettings = {
				ARCHS = "$(ARCHS_STANDARD)";
				CLANG_ENABLE_MODULES = NO;
				CLANG_MODULES_AUTOLINK = NO;
				ENABLE_BITCODE = NO;
				FRAMEWORK_SEARCH_PATHS = (
					"$(inherited)",
					"\"$(SRCROOT)/../../node_modules/tns-core-modules-widgets/platforms/ios\"",
					"\"$(SRCROOT)/../../node_modules/nativescript-background-geolocation-lt/platforms/ios\"",
					"\"$(SRCROOT)/../../node_modules/nativescript-background-fetch/platforms/ios\"",
				);
				GCC_PRECOMPILE_PREFIX_HEADER = YES;
				GCC_PREFIX_HEADER = "autolock/autolock-Prefix.pch";
				GCC_PREPROCESSOR_DEFINITIONS = (
					"$(inherited)",
					"DEBUG=1",
				);
				INFOPLIST_FILE = "$(SRCROOT)/autolock/autolock-Info.plist";
				LD_RUNPATH_SEARCH_PATHS = "$(inherited) @executable_path/Frameworks";
				PRODUCT_NAME = autolock;
				VALID_ARCHS = "armv7 arm64";
				WRAPPER_EXTENSION = app;
			};
			name = Debug;
		};
		858B843218CA22B800AB12DE /* Release */ = {
			isa = XCBuildConfiguration;
			baseConfigurationReference = CDD59A271BB43B5D00EC2671 /* build-release.xcconfig */;
			buildSettings = {
				ARCHS = "$(ARCHS_STANDARD)";
				CLANG_ENABLE_MODULES = NO;
				CLANG_MODULES_AUTOLINK = NO;
				ENABLE_BITCODE = NO;
				FRAMEWORK_SEARCH_PATHS = (
					"$(inherited)",
					"\"$(SRCROOT)/../../node_modules/tns-core-modules-widgets/platforms/ios\"",
					"\"$(SRCROOT)/../../node_modules/nativescript-background-geolocation-lt/platforms/ios\"",
					"\"$(SRCROOT)/../../node_modules/nativescript-background-fetch/platforms/ios\"",
				);
				GCC_PRECOMPILE_PREFIX_HEADER = YES;
				GCC_PREFIX_HEADER = "autolock/autolock-Prefix.pch";
				INFOPLIST_FILE = "$(SRCROOT)/autolock/autolock-Info.plist";
				LD_RUNPATH_SEARCH_PATHS = "$(inherited) @executable_path/Frameworks";
				PRODUCT_NAME = autolock;
				VALID_ARCHS = "armv7 arm64";
				WRAPPER_EXTENSION = app;
			};
			name = Release;
		};
/* End XCBuildConfiguration section */

/* Begin XCConfigurationList section */
		858B832918CA111C00AB12DE /* Build configuration list for PBXProject "autolock" */ = {
			isa = XCConfigurationList;
			buildConfigurations = (
				858B835818CA111C00AB12DE /* Debug */,
				858B835918CA111C00AB12DE /* Release */,
			);
			defaultConfigurationIsVisible = 0;
			defaultConfigurationName = Release;
		};
		858B843018CA22B800AB12DE /* Build configuration list for PBXNativeTarget "autolock" */ = {
			isa = XCConfigurationList;
			buildConfigurations = (
				858B843118CA22B800AB12DE /* Debug */,
				858B843218CA22B800AB12DE /* Release */,
			);
			defaultConfigurationIsVisible = 0;
			defaultConfigurationName = Release;
		};
/* End XCConfigurationList section */
	};
	rootObject = 858B832618CA111C00AB12DE /* Project object */;
}
